// !$*UTF8*$!
{
	archiveVersion = 1;
	classes = {
	};
	objectVersion = 46;
	objects = {

/* Begin PBXBuildFile section */
		192D61A01A7D32A50057213D /* Tile.m in Sources */ = {isa = PBXBuildFile; fileRef = 192D619F1A7D32A50057213D /* Tile.m */; };
		192D61A21A7D382F0057213D /* Notes in Resources */ = {isa = PBXBuildFile; fileRef = 192D61A11A7D382F0057213D /* Notes */; };
		194871451A9C2C14002B60A0 /* MaxLevel1.txt in Resources */ = {isa = PBXBuildFile; fileRef = 194871441A9C2C14002B60A0 /* MaxLevel1.txt */; };
		197703791A7D075B00E89CDE /* main.m in Sources */ = {isa = PBXBuildFile; fileRef = 197703781A7D075B00E89CDE /* main.m */; };
		1977037C1A7D075B00E89CDE /* AppDelegate.m in Sources */ = {isa = PBXBuildFile; fileRef = 1977037B1A7D075B00E89CDE /* AppDelegate.m */; };
		1977037F1A7D075B00E89CDE /* GameScene.m in Sources */ = {isa = PBXBuildFile; fileRef = 1977037E1A7D075B00E89CDE /* GameScene.m */; };
		197703811A7D075B00E89CDE /* GameScene.sks in Resources */ = {isa = PBXBuildFile; fileRef = 197703801A7D075B00E89CDE /* GameScene.sks */; };
		197703841A7D075B00E89CDE /* GameViewController.m in Sources */ = {isa = PBXBuildFile; fileRef = 197703831A7D075B00E89CDE /* GameViewController.m */; };
		197703871A7D075B00E89CDE /* Main.storyboard in Resources */ = {isa = PBXBuildFile; fileRef = 197703851A7D075B00E89CDE /* Main.storyboard */; };
		197703891A7D075B00E89CDE /* Images.xcassets in Resources */ = {isa = PBXBuildFile; fileRef = 197703881A7D075B00E89CDE /* Images.xcassets */; };
		1977038C1A7D075B00E89CDE /* LaunchScreen.xib in Resources */ = {isa = PBXBuildFile; fileRef = 1977038A1A7D075B00E89CDE /* LaunchScreen.xib */; };
		197703981A7D075C00E89CDE /* HeroWarsTests.m in Sources */ = {isa = PBXBuildFile; fileRef = 197703971A7D075C00E89CDE /* HeroWarsTests.m */; };
		197703A41A7D09A700E89CDE /* Gameboard.m in Sources */ = {isa = PBXBuildFile; fileRef = 197703A31A7D09A700E89CDE /* Gameboard.m */; };
		19D35E6C1A84426600A99BC8 /* InputManager.m in Sources */ = {isa = PBXBuildFile; fileRef = 19D35E6B1A84426600A99BC8 /* InputManager.m */; };
		CD26AC321A87DB2F00A96EEB /* Button.m in Sources */ = {isa = PBXBuildFile; fileRef = CD26AC311A87DB2F00A96EEB /* Button.m */; };
		CD26AC351A87EA6600A96EEB /* Unit.m in Sources */ = {isa = PBXBuildFile; fileRef = CD26AC341A87EA6600A96EEB /* Unit.m */; };
		CD55AB431A86A49C003AD677 /* Menu.m in Sources */ = {isa = PBXBuildFile; fileRef = CD55AB421A86A49C003AD677 /* Menu.m */; };
		CD55AB461A86A5BD003AD677 /* GeneralMenu.m in Sources */ = {isa = PBXBuildFile; fileRef = CD55AB451A86A5BD003AD677 /* GeneralMenu.m */; };
		CD69665A1B13B48D009F4EC5 /* LevelParser.m in Sources */ = {isa = PBXBuildFile; fileRef = CD6966591B13B48D009F4EC5 /* LevelParser.m */; };
		CD69665C1B13C456009F4EC5 /* HowToFormatLevelFiles.txt in Resources */ = {isa = PBXBuildFile; fileRef = CD69665B1B13C456009F4EC5 /* HowToFormatLevelFiles.txt */; };
		CD6966AD1B17871B009F4EC5 /* old_castle_blue.png in Resources */ = {isa = PBXBuildFile; fileRef = CD6966A81B17871B009F4EC5 /* old_castle_blue.png */; };
		CD6966AE1B17871B009F4EC5 /* old_castle_gray.png in Resources */ = {isa = PBXBuildFile; fileRef = CD6966A91B17871B009F4EC5 /* old_castle_gray.png */; };
		CD6966AF1B17871B009F4EC5 /* old_castle_green.png in Resources */ = {isa = PBXBuildFile; fileRef = CD6966AA1B17871B009F4EC5 /* old_castle_green.png */; };
		CD6966B01B17871B009F4EC5 /* old_castle_red.png in Resources */ = {isa = PBXBuildFile; fileRef = CD6966AB1B17871B009F4EC5 /* old_castle_red.png */; };
		CD6966B11B17871B009F4EC5 /* old_castle_yellow.png in Resources */ = {isa = PBXBuildFile; fileRef = CD6966AC1B17871B009F4EC5 /* old_castle_yellow.png */; };
		CD6966BA1B17875D009F4EC5 /* river.png in Resources */ = {isa = PBXBuildFile; fileRef = CD6966B41B17875D009F4EC5 /* river.png */; };
		CD6966C81B1787F8009F4EC5 /* t_yellow.png in Resources */ = {isa = PBXBuildFile; fileRef = CD6966C31B1787F8009F4EC5 /* t_yellow.png */; };
		CD6966C91B1787F8009F4EC5 /* t_red.png in Resources */ = {isa = PBXBuildFile; fileRef = CD6966C41B1787F8009F4EC5 /* t_red.png */; };
		CD6966CA1B1787F8009F4EC5 /* t_green.png in Resources */ = {isa = PBXBuildFile; fileRef = CD6966C51B1787F8009F4EC5 /* t_green.png */; };
		CD6966CB1B1787F8009F4EC5 /* t_gray.png in Resources */ = {isa = PBXBuildFile; fileRef = CD6966C61B1787F8009F4EC5 /* t_gray.png */; };
		CD6966CC1B1787F8009F4EC5 /* t_blue.png in Resources */ = {isa = PBXBuildFile; fileRef = CD6966C71B1787F8009F4EC5 /* t_blue.png */; };
		CD6966D21B178804009F4EC5 /* p_yellow.png in Resources */ = {isa = PBXBuildFile; fileRef = CD6966CD1B178804009F4EC5 /* p_yellow.png */; };
		CD6966D31B178804009F4EC5 /* p_red.png in Resources */ = {isa = PBXBuildFile; fileRef = CD6966CE1B178804009F4EC5 /* p_red.png */; };
		CD6966D41B178804009F4EC5 /* p_green.png in Resources */ = {isa = PBXBuildFile; fileRef = CD6966CF1B178804009F4EC5 /* p_green.png */; };
		CD6966D51B178804009F4EC5 /* p_gray.png in Resources */ = {isa = PBXBuildFile; fileRef = CD6966D01B178804009F4EC5 /* p_gray.png */; };
		CD6966D61B178804009F4EC5 /* p_blue.png in Resources */ = {isa = PBXBuildFile; fileRef = CD6966D11B178804009F4EC5 /* p_blue.png */; };
		CD6966DC1B178810009F4EC5 /* k_yellow.png in Resources */ = {isa = PBXBuildFile; fileRef = CD6966D71B178810009F4EC5 /* k_yellow.png */; };
		CD6966DD1B178810009F4EC5 /* k_red.png in Resources */ = {isa = PBXBuildFile; fileRef = CD6966D81B178810009F4EC5 /* k_red.png */; };
		CD6966DE1B178810009F4EC5 /* k_green.png in Resources */ = {isa = PBXBuildFile; fileRef = CD6966D91B178810009F4EC5 /* k_green.png */; };
		CD6966DF1B178810009F4EC5 /* k_gray.png in Resources */ = {isa = PBXBuildFile; fileRef = CD6966DA1B178810009F4EC5 /* k_gray.png */; };
		CD6966E01B178810009F4EC5 /* k_blue.png in Resources */ = {isa = PBXBuildFile; fileRef = CD6966DB1B178810009F4EC5 /* k_blue.png */; };
		CD6966E61B17882D009F4EC5 /* c_yellow.png in Resources */ = {isa = PBXBuildFile; fileRef = CD6966E11B17882D009F4EC5 /* c_yellow.png */; };
		CD6966E71B17882D009F4EC5 /* c_red.png in Resources */ = {isa = PBXBuildFile; fileRef = CD6966E21B17882D009F4EC5 /* c_red.png */; };
		CD6966E81B17882D009F4EC5 /* c_green.png in Resources */ = {isa = PBXBuildFile; fileRef = CD6966E31B17882D009F4EC5 /* c_green.png */; };
		CD6966E91B17882D009F4EC5 /* c_gray.png in Resources */ = {isa = PBXBuildFile; fileRef = CD6966E41B17882D009F4EC5 /* c_gray.png */; };
		CD6966EA1B17882D009F4EC5 /* c_blue.png in Resources */ = {isa = PBXBuildFile; fileRef = CD6966E51B17882D009F4EC5 /* c_blue.png */; };
		CD6966F01B178837009F4EC5 /* b_yellow.png in Resources */ = {isa = PBXBuildFile; fileRef = CD6966EB1B178837009F4EC5 /* b_yellow.png */; };
		CD6966F11B178837009F4EC5 /* ballista_red.png in Resources */ = {isa = PBXBuildFile; fileRef = CD6966EC1B178837009F4EC5 /* ballista_red.png */; };
		CD6966F21B178837009F4EC5 /* b_green.png in Resources */ = {isa = PBXBuildFile; fileRef = CD6966ED1B178837009F4EC5 /* b_green.png */; };
		CD6966F31B178837009F4EC5 /* b_gray.png in Resources */ = {isa = PBXBuildFile; fileRef = CD6966EE1B178837009F4EC5 /* b_gray.png */; };
		CD6966F41B178837009F4EC5 /* ballista_blue.png in Resources */ = {isa = PBXBuildFile; fileRef = CD6966EF1B178837009F4EC5 /* ballista_blue.png */; };
		CD8125621B5E9CE700794119 /* Crusader.png in Resources */ = {isa = PBXBuildFile; fileRef = CD8125611B5E9CE700794119 /* Crusader.png */; };
		CD81259D1B61438100794119 /* UnitStatistics.txt in Resources */ = {isa = PBXBuildFile; fileRef = CD81259C1B61438100794119 /* UnitStatistics.txt */; };
		CD8125A01B614C5200794119 /* UnitStatsParser.m in Sources */ = {isa = PBXBuildFile; fileRef = CD81259F1B614C5200794119 /* UnitStatsParser.m */; };
		CD8125B81B619C5200794119 /* scout_blue.png in Resources */ = {isa = PBXBuildFile; fileRef = CD8125A61B619C5200794119 /* scout_blue.png */; };
		CD8125B91B619C5200794119 /* scout_red.png in Resources */ = {isa = PBXBuildFile; fileRef = CD8125A71B619C5200794119 /* scout_red.png */; };
		CD8125BA1B619C5200794119 /* archer_blue.png in Resources */ = {isa = PBXBuildFile; fileRef = CD8125A81B619C5200794119 /* archer_blue.png */; };
		CD8125BB1B619C5200794119 /* archer_red.png in Resources */ = {isa = PBXBuildFile; fileRef = CD8125A91B619C5200794119 /* archer_red.png */; };
		CD8125BC1B619C5200794119 /* axeman_blue.png in Resources */ = {isa = PBXBuildFile; fileRef = CD8125AA1B619C5200794119 /* axeman_blue.png */; };
		CD8125BD1B619C5200794119 /* axeman_red.png in Resources */ = {isa = PBXBuildFile; fileRef = CD8125AB1B619C5200794119 /* axeman_red.png */; };
		CD8125BE1B619C5200794119 /* Footman_Blue.png in Resources */ = {isa = PBXBuildFile; fileRef = CD8125AC1B619C5200794119 /* Footman_Blue.png */; };
		CD8125BF1B619C5200794119 /* Footman_Red.png in Resources */ = {isa = PBXBuildFile; fileRef = CD8125AD1B619C5200794119 /* Footman_Red.png */; };
		CD8125C01B619C5200794119 /* greatknight_blue.png in Resources */ = {isa = PBXBuildFile; fileRef = CD8125AE1B619C5200794119 /* greatknight_blue.png */; };
		CD8125C11B619C5200794119 /* greatknight_red.png in Resources */ = {isa = PBXBuildFile; fileRef = CD8125AF1B619C5200794119 /* greatknight_red.png */; };
		CD8125C21B619C5200794119 /* knight_blue.png in Resources */ = {isa = PBXBuildFile; fileRef = CD8125B01B619C5200794119 /* knight_blue.png */; };
		CD8125C31B619C5200794119 /* knight_red.png in Resources */ = {isa = PBXBuildFile; fileRef = CD8125B11B619C5200794119 /* knight_red.png */; };
		CD8125C41B619C5200794119 /* phalanx_blue.png in Resources */ = {isa = PBXBuildFile; fileRef = CD8125B21B619C5200794119 /* phalanx_blue.png */; };
		CD8125C51B619C5200794119 /* phalanx_red.png in Resources */ = {isa = PBXBuildFile; fileRef = CD8125B31B619C5200794119 /* phalanx_red.png */; };
		CD8125C61B619C5200794119 /* swordmaster_blue.png in Resources */ = {isa = PBXBuildFile; fileRef = CD8125B41B619C5200794119 /* swordmaster_blue.png */; };
		CD8125C71B619C5200794119 /* swordmaster_red.png in Resources */ = {isa = PBXBuildFile; fileRef = CD8125B51B619C5200794119 /* swordmaster_red.png */; };
		CD8125D31B64180700794119 /* TheBridge.txt in Resources */ = {isa = PBXBuildFile; fileRef = CD8125D21B64180700794119 /* TheBridge.txt */; };
		CD8125D51B641B1C00794119 /* TestMap1.txt in Resources */ = {isa = PBXBuildFile; fileRef = CD8125D41B641B1C00794119 /* TestMap1.txt */; };
		CD8125D71B64492200794119 /* TileStatistics.txt in Resources */ = {isa = PBXBuildFile; fileRef = CD8125D61B64492200794119 /* TileStatistics.txt */; };
		CD8125D91B65689200794119 /* TerrainNotes.txt in Resources */ = {isa = PBXBuildFile; fileRef = CD8125D81B65689200794119 /* TerrainNotes.txt */; };
		CD8125DB1B656EE400794119 /* castle_red.png in Resources */ = {isa = PBXBuildFile; fileRef = CD8125DA1B656EE400794119 /* castle_red.png */; };
		CD8125DD1B656FCB00794119 /* castle_blue.png in Resources */ = {isa = PBXBuildFile; fileRef = CD8125DC1B656FCB00794119 /* castle_blue.png */; };
		CD8125E61B6805FC00794119 /* catapult_blue.png in Resources */ = {isa = PBXBuildFile; fileRef = CD8125E11B6805FC00794119 /* catapult_blue.png */; };
		CD8125E71B6805FC00794119 /* catapult_red.png in Resources */ = {isa = PBXBuildFile; fileRef = CD8125E21B6805FC00794119 /* catapult_red.png */; };
		CD8125E81B6805FC00794119 /* plains.png in Resources */ = {isa = PBXBuildFile; fileRef = CD8125E31B6805FC00794119 /* plains.png */; };
		CD8125E91B6805FC00794119 /* megapult_blue.png in Resources */ = {isa = PBXBuildFile; fileRef = CD8125E41B6805FC00794119 /* megapult_blue.png */; };
		CD8125EA1B6805FC00794119 /* megapult_red.png in Resources */ = {isa = PBXBuildFile; fileRef = CD8125E51B6805FC00794119 /* megapult_red.png */; };
		CD8125EC1B6808A400794119 /* sea.png in Resources */ = {isa = PBXBuildFile; fileRef = CD8125EB1B6808A400794119 /* sea.png */; };
		CD8125F01B69961B00794119 /* road.png in Resources */ = {isa = PBXBuildFile; fileRef = CD8125ED1B69961B00794119 /* road.png */; };
		CD8125F11B69961B00794119 /* town_blue.png in Resources */ = {isa = PBXBuildFile; fileRef = CD8125EE1B69961B00794119 /* town_blue.png */; };
		CD8125F21B69961B00794119 /* town_red.png in Resources */ = {isa = PBXBuildFile; fileRef = CD8125EF1B69961B00794119 /* town_red.png */; };
		CD8125F71B69962F00794119 /* barracks_blue.png in Resources */ = {isa = PBXBuildFile; fileRef = CD8125F31B69962F00794119 /* barracks_blue.png */; };
		CD8125F81B69962F00794119 /* barracks_red.png in Resources */ = {isa = PBXBuildFile; fileRef = CD8125F41B69962F00794119 /* barracks_red.png */; };
		CD8125F91B69962F00794119 /* forest.png in Resources */ = {isa = PBXBuildFile; fileRef = CD8125F51B69962F00794119 /* forest.png */; };
		CD8125FA1B69962F00794119 /* mountain.png in Resources */ = {isa = PBXBuildFile; fileRef = CD8125F61B69962F00794119 /* mountain.png */; };
		CD8125FD1B699F0E00794119 /* TileParser.m in Sources */ = {isa = PBXBuildFile; fileRef = CD8125FC1B699F0E00794119 /* TileParser.m */; };
		CDB97D611A8BA84E00B5ECFA /* Pather.m in Sources */ = {isa = PBXBuildFile; fileRef = CDB97D601A8BA84E00B5ECFA /* Pather.m */; };
		CDB97D661A8BC24E00B5ECFA /* heroWars_tile_51_white.png in Resources */ = {isa = PBXBuildFile; fileRef = CDB97D631A8BC24E00B5ECFA /* heroWars_tile_51_white.png */; };
		CDB97D6A1A8D145C00B5ECFA /* Campaign1.txt in Resources */ = {isa = PBXBuildFile; fileRef = CDB97D691A8D145C00B5ECFA /* Campaign1.txt */; };
		CDB97D6E1A8D7FBA00B5ECFA /* highlight_blue.png in Resources */ = {isa = PBXBuildFile; fileRef = CDB97D6B1A8D7FBA00B5ECFA /* highlight_blue.png */; };
		CDB97D6F1A8D7FBA00B5ECFA /* x_blue.png in Resources */ = {isa = PBXBuildFile; fileRef = CDB97D6C1A8D7FBA00B5ECFA /* x_blue.png */; };
		CDB97D701A8D7FBA00B5ECFA /* x_red.png in Resources */ = {isa = PBXBuildFile; fileRef = CDB97D6D1A8D7FBA00B5ECFA /* x_red.png */; };
		CDB97D731A8E60B200B5ECFA /* Highlight.m in Sources */ = {isa = PBXBuildFile; fileRef = CDB97D721A8E60B200B5ECFA /* Highlight.m */; };
		CDBE25261A92AE01001312C0 /* HeroWars_button_attack.png in Resources */ = {isa = PBXBuildFile; fileRef = CDBE25201A92AE01001312C0 /* HeroWars_button_attack.png */; };
		CDBE25271A92AE01001312C0 /* HeroWars_button_end.png in Resources */ = {isa = PBXBuildFile; fileRef = CDBE25211A92AE01001312C0 /* HeroWars_button_end.png */; };
		CDBE25281A92AE01001312C0 /* HeroWars_button_options.png in Resources */ = {isa = PBXBuildFile; fileRef = CDBE25221A92AE01001312C0 /* HeroWars_button_options.png */; };
		CDBE25291A92AE01001312C0 /* HeroWars_button_wait.png in Resources */ = {isa = PBXBuildFile; fileRef = CDBE25231A92AE01001312C0 /* HeroWars_button_wait.png */; };
		CDBE252A1A92AE01001312C0 /* HeroWars_generalMenu1.png in Resources */ = {isa = PBXBuildFile; fileRef = CDBE25241A92AE01001312C0 /* HeroWars_generalMenu1.png */; };
		CDBE252B1A92AE01001312C0 /* x_gray.png in Resources */ = {isa = PBXBuildFile; fileRef = CDBE25251A92AE01001312C0 /* x_gray.png */; };
		CDBE252F1A92B1BA001312C0 /* ActionMenu.m in Sources */ = {isa = PBXBuildFile; fileRef = CDBE252E1A92B1BA001312C0 /* ActionMenu.m */; };
		CDBE25321A97ED7D001312C0 /* Combat.m in Sources */ = {isa = PBXBuildFile; fileRef = CDBE25311A97ED7D001312C0 /* Combat.m */; };
		CDBE25841A9938B1001312C0 /* a_blue.png in Resources */ = {isa = PBXBuildFile; fileRef = CDBE256F1A9938B1001312C0 /* a_blue.png */; };
		CDBE25851A9938B1001312C0 /* a_gray.png in Resources */ = {isa = PBXBuildFile; fileRef = CDBE25701A9938B1001312C0 /* a_gray.png */; };
		CDBE25861A9938B1001312C0 /* a_green.png in Resources */ = {isa = PBXBuildFile; fileRef = CDBE25711A9938B1001312C0 /* a_green.png */; };
		CDBE25871A9938B1001312C0 /* a_red.png in Resources */ = {isa = PBXBuildFile; fileRef = CDBE25721A9938B1001312C0 /* a_red.png */; };
		CDBE25881A9938B1001312C0 /* a_yellow.png in Resources */ = {isa = PBXBuildFile; fileRef = CDBE25731A9938B1001312C0 /* a_yellow.png */; };
		CDBE25891A9938B1001312C0 /* x_green.png in Resources */ = {isa = PBXBuildFile; fileRef = CDBE25741A9938B1001312C0 /* x_green.png */; };
		CDBE258A1A9938B1001312C0 /* x_yellow.png in Resources */ = {isa = PBXBuildFile; fileRef = CDBE25751A9938B1001312C0 /* x_yellow.png */; };
		CDBE258B1A9938B1001312C0 /* f_blue.png in Resources */ = {isa = PBXBuildFile; fileRef = CDBE25761A9938B1001312C0 /* f_blue.png */; };
		CDBE258C1A9938B1001312C0 /* f_gray.png in Resources */ = {isa = PBXBuildFile; fileRef = CDBE25771A9938B1001312C0 /* f_gray.png */; };
		CDBE258D1A9938B1001312C0 /* f_green.png in Resources */ = {isa = PBXBuildFile; fileRef = CDBE25781A9938B1001312C0 /* f_green.png */; };
		CDBE258E1A9938B1001312C0 /* f_red.png in Resources */ = {isa = PBXBuildFile; fileRef = CDBE25791A9938B1001312C0 /* f_red.png */; };
		CDBE258F1A9938B1001312C0 /* f_yellow.png in Resources */ = {isa = PBXBuildFile; fileRef = CDBE257A1A9938B1001312C0 /* f_yellow.png */; };
		CDBE25901A9938B1001312C0 /* HeroWars_health_1.png in Resources */ = {isa = PBXBuildFile; fileRef = CDBE257B1A9938B1001312C0 /* HeroWars_health_1.png */; };
		CDBE25911A9938B1001312C0 /* HeroWars_health_2.png in Resources */ = {isa = PBXBuildFile; fileRef = CDBE257C1A9938B1001312C0 /* HeroWars_health_2.png */; };
		CDBE25921A9938B1001312C0 /* HeroWars_health_3.png in Resources */ = {isa = PBXBuildFile; fileRef = CDBE257D1A9938B1001312C0 /* HeroWars_health_3.png */; };
		CDBE25931A9938B1001312C0 /* HeroWars_health_4.png in Resources */ = {isa = PBXBuildFile; fileRef = CDBE257E1A9938B1001312C0 /* HeroWars_health_4.png */; };
		CDBE25941A9938B1001312C0 /* HeroWars_health_5.png in Resources */ = {isa = PBXBuildFile; fileRef = CDBE257F1A9938B1001312C0 /* HeroWars_health_5.png */; };
		CDBE25951A9938B1001312C0 /* HeroWars_health_6.png in Resources */ = {isa = PBXBuildFile; fileRef = CDBE25801A9938B1001312C0 /* HeroWars_health_6.png */; };
		CDBE25961A9938B1001312C0 /* HeroWars_health_7.png in Resources */ = {isa = PBXBuildFile; fileRef = CDBE25811A9938B1001312C0 /* HeroWars_health_7.png */; };
		CDBE25971A9938B1001312C0 /* HeroWars_health_8.png in Resources */ = {isa = PBXBuildFile; fileRef = CDBE25821A9938B1001312C0 /* HeroWars_health_8.png */; };
		CDBE25981A9938B1001312C0 /* HeroWars_health_9.png in Resources */ = {isa = PBXBuildFile; fileRef = CDBE25831A9938B1001312C0 /* HeroWars_health_9.png */; };
		CDBE259A1A993DD0001312C0 /* TheField.txt in Resources */ = {isa = PBXBuildFile; fileRef = CDBE25991A993DD0001312C0 /* TheField.txt */; };
		CDBF8FEB1B6DD1F600FF3B87 /* Abilities.txt in Resources */ = {isa = PBXBuildFile; fileRef = CDBF8FEA1B6DD1F600FF3B87 /* Abilities.txt */; };
		CDBF90181B84F82600FF3B87 /* CommandScene.m in Sources */ = {isa = PBXBuildFile; fileRef = CDBF90171B84F82600FF3B87 /* CommandScene.m */; };
		CDBF901B1B850F1700FF3B87 /* MoveActionScene.m in Sources */ = {isa = PBXBuildFile; fileRef = CDBF901A1B850F1700FF3B87 /* MoveActionScene.m */; };
		CDBF901E1B850F2500FF3B87 /* ShowRangeScene.m in Sources */ = {isa = PBXBuildFile; fileRef = CDBF901D1B850F2500FF3B87 /* ShowRangeScene.m */; };
		CDBF90211B850F3600FF3B87 /* ProductionScene.m in Sources */ = {isa = PBXBuildFile; fileRef = CDBF90201B850F3600FF3B87 /* ProductionScene.m */; };
		CDBF90241B850F4600FF3B87 /* GameMenuScene.m in Sources */ = {isa = PBXBuildFile; fileRef = CDBF90231B850F4600FF3B87 /* GameMenuScene.m */; };
		CDBF90291B87F6A600FF3B87 /* GameView.m in Sources */ = {isa = PBXBuildFile; fileRef = CDBF90281B87F6A600FF3B87 /* GameView.m */; };
		CDBF902C1B8909B600FF3B87 /* DropButton.m in Sources */ = {isa = PBXBuildFile; fileRef = CDBF902B1B8909B600FF3B87 /* DropButton.m */; };
		CDBF902E1B89112500FF3B87 /* highilght_red.png in Resources */ = {isa = PBXBuildFile; fileRef = CDBF902D1B89112500FF3B87 /* highilght_red.png */; };
		CDBF90301B89164B00FF3B87 /* button_back_2.png in Resources */ = {isa = PBXBuildFile; fileRef = CDBF902F1B89164B00FF3B87 /* button_back_2.png */; };
		CDBF90321B89165500FF3B87 /* button_back.png in Resources */ = {isa = PBXBuildFile; fileRef = CDBF90311B89165500FF3B87 /* button_back.png */; };
		CDBF90341B89165D00FF3B87 /* button_gamemenu_2.png in Resources */ = {isa = PBXBuildFile; fileRef = CDBF90331B89165D00FF3B87 /* button_gamemenu_2.png */; };
		CDBF90361B89166300FF3B87 /* button_gamemenu.png in Resources */ = {isa = PBXBuildFile; fileRef = CDBF90351B89166300FF3B87 /* button_gamemenu.png */; };
/* End PBXBuildFile section */

/* Begin PBXContainerItemProxy section */
		197703921A7D075C00E89CDE /* PBXContainerItemProxy */ = {
			isa = PBXContainerItemProxy;
			containerPortal = 1977036B1A7D075B00E89CDE /* Project object */;
			proxyType = 1;
			remoteGlobalIDString = 197703721A7D075B00E89CDE;
			remoteInfo = HeroWars;
		};
/* End PBXContainerItemProxy section */

/* Begin PBXFileReference section */
		192D619F1A7D32A50057213D /* Tile.m */ = {isa = PBXFileReference; fileEncoding = 4; lastKnownFileType = sourcecode.c.objc; path = Tile.m; sourceTree = "<group>"; };
		192D61A11A7D382F0057213D /* Notes */ = {isa = PBXFileReference; fileEncoding = 4; lastKnownFileType = text; path = Notes; sourceTree = "<group>"; };
		194871441A9C2C14002B60A0 /* MaxLevel1.txt */ = {isa = PBXFileReference; fileEncoding = 4; lastKnownFileType = text; path = MaxLevel1.txt; sourceTree = "<group>"; };
		197703731A7D075B00E89CDE /* HeroWars.app */ = {isa = PBXFileReference; explicitFileType = wrapper.application; includeInIndex = 0; path = HeroWars.app; sourceTree = BUILT_PRODUCTS_DIR; };
		197703771A7D075B00E89CDE /* Info.plist */ = {isa = PBXFileReference; lastKnownFileType = text.plist.xml; path = Info.plist; sourceTree = "<group>"; };
		197703781A7D075B00E89CDE /* main.m */ = {isa = PBXFileReference; lastKnownFileType = sourcecode.c.objc; path = main.m; sourceTree = "<group>"; };
		1977037A1A7D075B00E89CDE /* AppDelegate.h */ = {isa = PBXFileReference; lastKnownFileType = sourcecode.c.h; path = AppDelegate.h; sourceTree = "<group>"; };
		1977037B1A7D075B00E89CDE /* AppDelegate.m */ = {isa = PBXFileReference; lastKnownFileType = sourcecode.c.objc; path = AppDelegate.m; sourceTree = "<group>"; };
		1977037D1A7D075B00E89CDE /* GameScene.h */ = {isa = PBXFileReference; lastKnownFileType = sourcecode.c.h; path = GameScene.h; sourceTree = "<group>"; };
		1977037E1A7D075B00E89CDE /* GameScene.m */ = {isa = PBXFileReference; lastKnownFileType = sourcecode.c.objc; path = GameScene.m; sourceTree = "<group>"; };
		197703801A7D075B00E89CDE /* GameScene.sks */ = {isa = PBXFileReference; lastKnownFileType = file.sks; path = GameScene.sks; sourceTree = "<group>"; };
		197703821A7D075B00E89CDE /* GameViewController.h */ = {isa = PBXFileReference; lastKnownFileType = sourcecode.c.h; path = GameViewController.h; sourceTree = "<group>"; };
		197703831A7D075B00E89CDE /* GameViewController.m */ = {isa = PBXFileReference; lastKnownFileType = sourcecode.c.objc; path = GameViewController.m; sourceTree = "<group>"; };
		197703861A7D075B00E89CDE /* Base */ = {isa = PBXFileReference; lastKnownFileType = file.storyboard; name = Base; path = Base.lproj/Main.storyboard; sourceTree = "<group>"; };
		197703881A7D075B00E89CDE /* Images.xcassets */ = {isa = PBXFileReference; lastKnownFileType = folder.assetcatalog; path = Images.xcassets; sourceTree = "<group>"; };
		1977038B1A7D075B00E89CDE /* Base */ = {isa = PBXFileReference; lastKnownFileType = file.xib; name = Base; path = Base.lproj/LaunchScreen.xib; sourceTree = "<group>"; };
		197703911A7D075C00E89CDE /* HeroWarsTests.xctest */ = {isa = PBXFileReference; explicitFileType = wrapper.cfbundle; includeInIndex = 0; path = HeroWarsTests.xctest; sourceTree = BUILT_PRODUCTS_DIR; };
		197703961A7D075C00E89CDE /* Info.plist */ = {isa = PBXFileReference; lastKnownFileType = text.plist.xml; path = Info.plist; sourceTree = "<group>"; };
		197703971A7D075C00E89CDE /* HeroWarsTests.m */ = {isa = PBXFileReference; lastKnownFileType = sourcecode.c.objc; path = HeroWarsTests.m; sourceTree = "<group>"; };
		197703A11A7D087000E89CDE /* Tile.h */ = {isa = PBXFileReference; lastKnownFileType = sourcecode.c.h; path = Tile.h; sourceTree = "<group>"; };
		197703A21A7D08E900E89CDE /* Gameboard.h */ = {isa = PBXFileReference; lastKnownFileType = sourcecode.c.h; path = Gameboard.h; sourceTree = "<group>"; };
		197703A31A7D09A700E89CDE /* Gameboard.m */ = {isa = PBXFileReference; fileEncoding = 4; lastKnownFileType = sourcecode.c.objc; path = Gameboard.m; sourceTree = "<group>"; };
		19D35E6A1A84426600A99BC8 /* InputManager.h */ = {isa = PBXFileReference; fileEncoding = 4; lastKnownFileType = sourcecode.c.h; path = InputManager.h; sourceTree = "<group>"; };
		19D35E6B1A84426600A99BC8 /* InputManager.m */ = {isa = PBXFileReference; fileEncoding = 4; lastKnownFileType = sourcecode.c.objc; path = InputManager.m; sourceTree = "<group>"; };
		CD26AC301A87DB2F00A96EEB /* Button.h */ = {isa = PBXFileReference; fileEncoding = 4; lastKnownFileType = sourcecode.c.h; path = Button.h; sourceTree = "<group>"; };
		CD26AC311A87DB2F00A96EEB /* Button.m */ = {isa = PBXFileReference; fileEncoding = 4; lastKnownFileType = sourcecode.c.objc; path = Button.m; sourceTree = "<group>"; };
		CD26AC331A87EA6600A96EEB /* Unit.h */ = {isa = PBXFileReference; fileEncoding = 4; lastKnownFileType = sourcecode.c.h; name = Unit.h; path = ../Unit.h; sourceTree = "<group>"; };
		CD26AC341A87EA6600A96EEB /* Unit.m */ = {isa = PBXFileReference; fileEncoding = 4; lastKnownFileType = sourcecode.c.objc; name = Unit.m; path = ../Unit.m; sourceTree = "<group>"; };
		CD55AB411A86A49C003AD677 /* Menu.h */ = {isa = PBXFileReference; fileEncoding = 4; lastKnownFileType = sourcecode.c.h; path = Menu.h; sourceTree = "<group>"; };
		CD55AB421A86A49C003AD677 /* Menu.m */ = {isa = PBXFileReference; fileEncoding = 4; lastKnownFileType = sourcecode.c.objc; path = Menu.m; sourceTree = "<group>"; };
		CD55AB441A86A5BD003AD677 /* GeneralMenu.h */ = {isa = PBXFileReference; fileEncoding = 4; lastKnownFileType = sourcecode.c.h; path = GeneralMenu.h; sourceTree = "<group>"; };
		CD55AB451A86A5BD003AD677 /* GeneralMenu.m */ = {isa = PBXFileReference; fileEncoding = 4; lastKnownFileType = sourcecode.c.objc; path = GeneralMenu.m; sourceTree = "<group>"; };
		CD6966581B13B48D009F4EC5 /* LevelParser.h */ = {isa = PBXFileReference; fileEncoding = 4; lastKnownFileType = sourcecode.c.h; path = LevelParser.h; sourceTree = "<group>"; };
		CD6966591B13B48D009F4EC5 /* LevelParser.m */ = {isa = PBXFileReference; fileEncoding = 4; lastKnownFileType = sourcecode.c.objc; path = LevelParser.m; sourceTree = "<group>"; };
		CD69665B1B13C456009F4EC5 /* HowToFormatLevelFiles.txt */ = {isa = PBXFileReference; fileEncoding = 4; lastKnownFileType = text; path = HowToFormatLevelFiles.txt; sourceTree = "<group>"; };
		CD6966A81B17871B009F4EC5 /* old_castle_blue.png */ = {isa = PBXFileReference; lastKnownFileType = image.png; path = old_castle_blue.png; sourceTree = "<group>"; };
		CD6966A91B17871B009F4EC5 /* old_castle_gray.png */ = {isa = PBXFileReference; lastKnownFileType = image.png; path = old_castle_gray.png; sourceTree = "<group>"; };
		CD6966AA1B17871B009F4EC5 /* old_castle_green.png */ = {isa = PBXFileReference; lastKnownFileType = image.png; path = old_castle_green.png; sourceTree = "<group>"; };
		CD6966AB1B17871B009F4EC5 /* old_castle_red.png */ = {isa = PBXFileReference; lastKnownFileType = image.png; path = old_castle_red.png; sourceTree = "<group>"; };
		CD6966AC1B17871B009F4EC5 /* old_castle_yellow.png */ = {isa = PBXFileReference; lastKnownFileType = image.png; path = old_castle_yellow.png; sourceTree = "<group>"; };
		CD6966B41B17875D009F4EC5 /* river.png */ = {isa = PBXFileReference; lastKnownFileType = image.png; path = river.png; sourceTree = "<group>"; };
		CD6966C31B1787F8009F4EC5 /* t_yellow.png */ = {isa = PBXFileReference; lastKnownFileType = image.png; path = t_yellow.png; sourceTree = "<group>"; };
		CD6966C41B1787F8009F4EC5 /* t_red.png */ = {isa = PBXFileReference; lastKnownFileType = image.png; path = t_red.png; sourceTree = "<group>"; };
		CD6966C51B1787F8009F4EC5 /* t_green.png */ = {isa = PBXFileReference; lastKnownFileType = image.png; path = t_green.png; sourceTree = "<group>"; };
		CD6966C61B1787F8009F4EC5 /* t_gray.png */ = {isa = PBXFileReference; lastKnownFileType = image.png; path = t_gray.png; sourceTree = "<group>"; };
		CD6966C71B1787F8009F4EC5 /* t_blue.png */ = {isa = PBXFileReference; lastKnownFileType = image.png; path = t_blue.png; sourceTree = "<group>"; };
		CD6966CD1B178804009F4EC5 /* p_yellow.png */ = {isa = PBXFileReference; lastKnownFileType = image.png; path = p_yellow.png; sourceTree = "<group>"; };
		CD6966CE1B178804009F4EC5 /* p_red.png */ = {isa = PBXFileReference; lastKnownFileType = image.png; path = p_red.png; sourceTree = "<group>"; };
		CD6966CF1B178804009F4EC5 /* p_green.png */ = {isa = PBXFileReference; lastKnownFileType = image.png; path = p_green.png; sourceTree = "<group>"; };
		CD6966D01B178804009F4EC5 /* p_gray.png */ = {isa = PBXFileReference; lastKnownFileType = image.png; path = p_gray.png; sourceTree = "<group>"; };
		CD6966D11B178804009F4EC5 /* p_blue.png */ = {isa = PBXFileReference; lastKnownFileType = image.png; path = p_blue.png; sourceTree = "<group>"; };
		CD6966D71B178810009F4EC5 /* k_yellow.png */ = {isa = PBXFileReference; lastKnownFileType = image.png; path = k_yellow.png; sourceTree = "<group>"; };
		CD6966D81B178810009F4EC5 /* k_red.png */ = {isa = PBXFileReference; lastKnownFileType = image.png; path = k_red.png; sourceTree = "<group>"; };
		CD6966D91B178810009F4EC5 /* k_green.png */ = {isa = PBXFileReference; lastKnownFileType = image.png; path = k_green.png; sourceTree = "<group>"; };
		CD6966DA1B178810009F4EC5 /* k_gray.png */ = {isa = PBXFileReference; lastKnownFileType = image.png; path = k_gray.png; sourceTree = "<group>"; };
		CD6966DB1B178810009F4EC5 /* k_blue.png */ = {isa = PBXFileReference; lastKnownFileType = image.png; path = k_blue.png; sourceTree = "<group>"; };
		CD6966E11B17882D009F4EC5 /* c_yellow.png */ = {isa = PBXFileReference; lastKnownFileType = image.png; path = c_yellow.png; sourceTree = "<group>"; };
		CD6966E21B17882D009F4EC5 /* c_red.png */ = {isa = PBXFileReference; lastKnownFileType = image.png; path = c_red.png; sourceTree = "<group>"; };
		CD6966E31B17882D009F4EC5 /* c_green.png */ = {isa = PBXFileReference; lastKnownFileType = image.png; path = c_green.png; sourceTree = "<group>"; };
		CD6966E41B17882D009F4EC5 /* c_gray.png */ = {isa = PBXFileReference; lastKnownFileType = image.png; path = c_gray.png; sourceTree = "<group>"; };
		CD6966E51B17882D009F4EC5 /* c_blue.png */ = {isa = PBXFileReference; lastKnownFileType = image.png; path = c_blue.png; sourceTree = "<group>"; };
		CD6966EB1B178837009F4EC5 /* b_yellow.png */ = {isa = PBXFileReference; lastKnownFileType = image.png; path = b_yellow.png; sourceTree = "<group>"; };
		CD6966EC1B178837009F4EC5 /* ballista_red.png */ = {isa = PBXFileReference; lastKnownFileType = image.png; path = ballista_red.png; sourceTree = "<group>"; };
		CD6966ED1B178837009F4EC5 /* b_green.png */ = {isa = PBXFileReference; lastKnownFileType = image.png; path = b_green.png; sourceTree = "<group>"; };
		CD6966EE1B178837009F4EC5 /* b_gray.png */ = {isa = PBXFileReference; lastKnownFileType = image.png; path = b_gray.png; sourceTree = "<group>"; };
		CD6966EF1B178837009F4EC5 /* ballista_blue.png */ = {isa = PBXFileReference; lastKnownFileType = image.png; path = ballista_blue.png; sourceTree = "<group>"; };
		CD8125611B5E9CE700794119 /* Crusader.png */ = {isa = PBXFileReference; lastKnownFileType = image.png; path = Crusader.png; sourceTree = "<group>"; };
		CD81259C1B61438100794119 /* UnitStatistics.txt */ = {isa = PBXFileReference; fileEncoding = 4; lastKnownFileType = text; path = UnitStatistics.txt; sourceTree = "<group>"; };
		CD81259E1B614C5200794119 /* UnitStatsParser.h */ = {isa = PBXFileReference; fileEncoding = 4; lastKnownFileType = sourcecode.c.h; path = UnitStatsParser.h; sourceTree = "<group>"; };
		CD81259F1B614C5200794119 /* UnitStatsParser.m */ = {isa = PBXFileReference; fileEncoding = 4; lastKnownFileType = sourcecode.c.objc; path = UnitStatsParser.m; sourceTree = "<group>"; };
		CD8125A61B619C5200794119 /* scout_blue.png */ = {isa = PBXFileReference; lastKnownFileType = image.png; name = scout_blue.png; path = ../scout_blue.png; sourceTree = "<group>"; };
		CD8125A71B619C5200794119 /* scout_red.png */ = {isa = PBXFileReference; lastKnownFileType = image.png; name = scout_red.png; path = ../scout_red.png; sourceTree = "<group>"; };
		CD8125A81B619C5200794119 /* archer_blue.png */ = {isa = PBXFileReference; lastKnownFileType = image.png; name = archer_blue.png; path = ../archer_blue.png; sourceTree = "<group>"; };
		CD8125A91B619C5200794119 /* archer_red.png */ = {isa = PBXFileReference; lastKnownFileType = image.png; name = archer_red.png; path = ../archer_red.png; sourceTree = "<group>"; };
		CD8125AA1B619C5200794119 /* axeman_blue.png */ = {isa = PBXFileReference; lastKnownFileType = image.png; name = axeman_blue.png; path = ../axeman_blue.png; sourceTree = "<group>"; };
		CD8125AB1B619C5200794119 /* axeman_red.png */ = {isa = PBXFileReference; lastKnownFileType = image.png; name = axeman_red.png; path = ../axeman_red.png; sourceTree = "<group>"; };
		CD8125AC1B619C5200794119 /* Footman_Blue.png */ = {isa = PBXFileReference; lastKnownFileType = image.png; name = Footman_Blue.png; path = ../Footman_Blue.png; sourceTree = "<group>"; };
		CD8125AD1B619C5200794119 /* Footman_Red.png */ = {isa = PBXFileReference; lastKnownFileType = image.png; name = Footman_Red.png; path = ../Footman_Red.png; sourceTree = "<group>"; };
		CD8125AE1B619C5200794119 /* greatknight_blue.png */ = {isa = PBXFileReference; lastKnownFileType = image.png; name = greatknight_blue.png; path = ../greatknight_blue.png; sourceTree = "<group>"; };
		CD8125AF1B619C5200794119 /* greatknight_red.png */ = {isa = PBXFileReference; lastKnownFileType = image.png; name = greatknight_red.png; path = ../greatknight_red.png; sourceTree = "<group>"; };
		CD8125B01B619C5200794119 /* knight_blue.png */ = {isa = PBXFileReference; lastKnownFileType = image.png; name = knight_blue.png; path = ../knight_blue.png; sourceTree = "<group>"; };
		CD8125B11B619C5200794119 /* knight_red.png */ = {isa = PBXFileReference; lastKnownFileType = image.png; name = knight_red.png; path = ../knight_red.png; sourceTree = "<group>"; };
		CD8125B21B619C5200794119 /* phalanx_blue.png */ = {isa = PBXFileReference; lastKnownFileType = image.png; name = phalanx_blue.png; path = ../phalanx_blue.png; sourceTree = "<group>"; };
		CD8125B31B619C5200794119 /* phalanx_red.png */ = {isa = PBXFileReference; lastKnownFileType = image.png; name = phalanx_red.png; path = ../phalanx_red.png; sourceTree = "<group>"; };
		CD8125B41B619C5200794119 /* swordmaster_blue.png */ = {isa = PBXFileReference; lastKnownFileType = image.png; name = swordmaster_blue.png; path = ../swordmaster_blue.png; sourceTree = "<group>"; };
		CD8125B51B619C5200794119 /* swordmaster_red.png */ = {isa = PBXFileReference; lastKnownFileType = image.png; name = swordmaster_red.png; path = ../swordmaster_red.png; sourceTree = "<group>"; };
		CD8125D21B64180700794119 /* TheBridge.txt */ = {isa = PBXFileReference; fileEncoding = 4; lastKnownFileType = text; path = TheBridge.txt; sourceTree = "<group>"; };
		CD8125D41B641B1C00794119 /* TestMap1.txt */ = {isa = PBXFileReference; fileEncoding = 4; lastKnownFileType = text; path = TestMap1.txt; sourceTree = "<group>"; };
		CD8125D61B64492200794119 /* TileStatistics.txt */ = {isa = PBXFileReference; fileEncoding = 4; lastKnownFileType = text; path = TileStatistics.txt; sourceTree = "<group>"; };
		CD8125D81B65689200794119 /* TerrainNotes.txt */ = {isa = PBXFileReference; fileEncoding = 4; lastKnownFileType = text; name = TerrainNotes.txt; path = ../TerrainNotes.txt; sourceTree = "<group>"; };
		CD8125DA1B656EE400794119 /* castle_red.png */ = {isa = PBXFileReference; lastKnownFileType = image.png; path = castle_red.png; sourceTree = "<group>"; };
		CD8125DC1B656FCB00794119 /* castle_blue.png */ = {isa = PBXFileReference; lastKnownFileType = image.png; path = castle_blue.png; sourceTree = "<group>"; };
		CD8125E11B6805FC00794119 /* catapult_blue.png */ = {isa = PBXFileReference; lastKnownFileType = image.png; name = catapult_blue.png; path = ../catapult_blue.png; sourceTree = "<group>"; };
		CD8125E21B6805FC00794119 /* catapult_red.png */ = {isa = PBXFileReference; lastKnownFileType = image.png; name = catapult_red.png; path = ../catapult_red.png; sourceTree = "<group>"; };
		CD8125E31B6805FC00794119 /* plains.png */ = {isa = PBXFileReference; lastKnownFileType = image.png; name = plains.png; path = ../plains.png; sourceTree = "<group>"; };
		CD8125E41B6805FC00794119 /* megapult_blue.png */ = {isa = PBXFileReference; lastKnownFileType = image.png; name = megapult_blue.png; path = ../megapult_blue.png; sourceTree = "<group>"; };
		CD8125E51B6805FC00794119 /* megapult_red.png */ = {isa = PBXFileReference; lastKnownFileType = image.png; name = megapult_red.png; path = ../megapult_red.png; sourceTree = "<group>"; };
		CD8125EB1B6808A400794119 /* sea.png */ = {isa = PBXFileReference; lastKnownFileType = image.png; path = sea.png; sourceTree = "<group>"; };
		CD8125ED1B69961B00794119 /* road.png */ = {isa = PBXFileReference; lastKnownFileType = image.png; path = road.png; sourceTree = "<group>"; };
		CD8125EE1B69961B00794119 /* town_blue.png */ = {isa = PBXFileReference; lastKnownFileType = image.png; path = town_blue.png; sourceTree = "<group>"; };
		CD8125EF1B69961B00794119 /* town_red.png */ = {isa = PBXFileReference; lastKnownFileType = image.png; path = town_red.png; sourceTree = "<group>"; };
		CD8125F31B69962F00794119 /* barracks_blue.png */ = {isa = PBXFileReference; lastKnownFileType = image.png; path = barracks_blue.png; sourceTree = "<group>"; };
		CD8125F41B69962F00794119 /* barracks_red.png */ = {isa = PBXFileReference; lastKnownFileType = image.png; path = barracks_red.png; sourceTree = "<group>"; };
		CD8125F51B69962F00794119 /* forest.png */ = {isa = PBXFileReference; lastKnownFileType = image.png; path = forest.png; sourceTree = "<group>"; };
		CD8125F61B69962F00794119 /* mountain.png */ = {isa = PBXFileReference; lastKnownFileType = image.png; path = mountain.png; sourceTree = "<group>"; };
		CD8125FB1B699F0E00794119 /* TileParser.h */ = {isa = PBXFileReference; fileEncoding = 4; lastKnownFileType = sourcecode.c.h; path = TileParser.h; sourceTree = "<group>"; };
		CD8125FC1B699F0E00794119 /* TileParser.m */ = {isa = PBXFileReference; fileEncoding = 4; lastKnownFileType = sourcecode.c.objc; path = TileParser.m; sourceTree = "<group>"; };
		CDB97D5F1A8BA84E00B5ECFA /* Pather.h */ = {isa = PBXFileReference; fileEncoding = 4; lastKnownFileType = sourcecode.c.h; name = Pather.h; path = ../Pather.h; sourceTree = "<group>"; };
		CDB97D601A8BA84E00B5ECFA /* Pather.m */ = {isa = PBXFileReference; fileEncoding = 4; lastKnownFileType = sourcecode.c.objc; name = Pather.m; path = ../Pather.m; sourceTree = "<group>"; };
		CDB97D631A8BC24E00B5ECFA /* heroWars_tile_51_white.png */ = {isa = PBXFileReference; lastKnownFileType = image.png; path = heroWars_tile_51_white.png; sourceTree = "<group>"; };
		CDB97D691A8D145C00B5ECFA /* Campaign1.txt */ = {isa = PBXFileReference; fileEncoding = 4; lastKnownFileType = text; path = Campaign1.txt; sourceTree = "<group>"; };
		CDB97D6B1A8D7FBA00B5ECFA /* highlight_blue.png */ = {isa = PBXFileReference; lastKnownFileType = image.png; path = highlight_blue.png; sourceTree = "<group>"; };
		CDB97D6C1A8D7FBA00B5ECFA /* x_blue.png */ = {isa = PBXFileReference; lastKnownFileType = image.png; path = x_blue.png; sourceTree = "<group>"; };
		CDB97D6D1A8D7FBA00B5ECFA /* x_red.png */ = {isa = PBXFileReference; lastKnownFileType = image.png; path = x_red.png; sourceTree = "<group>"; };
		CDB97D711A8E60B200B5ECFA /* Highlight.h */ = {isa = PBXFileReference; fileEncoding = 4; lastKnownFileType = sourcecode.c.h; path = Highlight.h; sourceTree = "<group>"; };
		CDB97D721A8E60B200B5ECFA /* Highlight.m */ = {isa = PBXFileReference; fileEncoding = 4; lastKnownFileType = sourcecode.c.objc; path = Highlight.m; sourceTree = "<group>"; };
		CDBE25201A92AE01001312C0 /* HeroWars_button_attack.png */ = {isa = PBXFileReference; lastKnownFileType = image.png; path = HeroWars_button_attack.png; sourceTree = "<group>"; };
		CDBE25211A92AE01001312C0 /* HeroWars_button_end.png */ = {isa = PBXFileReference; lastKnownFileType = image.png; path = HeroWars_button_end.png; sourceTree = "<group>"; };
		CDBE25221A92AE01001312C0 /* HeroWars_button_options.png */ = {isa = PBXFileReference; lastKnownFileType = image.png; path = HeroWars_button_options.png; sourceTree = "<group>"; };
		CDBE25231A92AE01001312C0 /* HeroWars_button_wait.png */ = {isa = PBXFileReference; lastKnownFileType = image.png; path = HeroWars_button_wait.png; sourceTree = "<group>"; };
		CDBE25241A92AE01001312C0 /* HeroWars_generalMenu1.png */ = {isa = PBXFileReference; lastKnownFileType = image.png; path = HeroWars_generalMenu1.png; sourceTree = "<group>"; };
		CDBE25251A92AE01001312C0 /* x_gray.png */ = {isa = PBXFileReference; lastKnownFileType = image.png; path = x_gray.png; sourceTree = "<group>"; };
		CDBE252D1A92B1BA001312C0 /* ActionMenu.h */ = {isa = PBXFileReference; fileEncoding = 4; lastKnownFileType = sourcecode.c.h; path = ActionMenu.h; sourceTree = "<group>"; };
		CDBE252E1A92B1BA001312C0 /* ActionMenu.m */ = {isa = PBXFileReference; fileEncoding = 4; lastKnownFileType = sourcecode.c.objc; path = ActionMenu.m; sourceTree = "<group>"; };
		CDBE25301A97ED7D001312C0 /* Combat.h */ = {isa = PBXFileReference; fileEncoding = 4; lastKnownFileType = sourcecode.c.h; path = Combat.h; sourceTree = "<group>"; };
		CDBE25311A97ED7D001312C0 /* Combat.m */ = {isa = PBXFileReference; fileEncoding = 4; lastKnownFileType = sourcecode.c.objc; path = Combat.m; sourceTree = "<group>"; };
		CDBE256F1A9938B1001312C0 /* a_blue.png */ = {isa = PBXFileReference; lastKnownFileType = image.png; path = a_blue.png; sourceTree = "<group>"; };
		CDBE25701A9938B1001312C0 /* a_gray.png */ = {isa = PBXFileReference; lastKnownFileType = image.png; path = a_gray.png; sourceTree = "<group>"; };
		CDBE25711A9938B1001312C0 /* a_green.png */ = {isa = PBXFileReference; lastKnownFileType = image.png; path = a_green.png; sourceTree = "<group>"; };
		CDBE25721A9938B1001312C0 /* a_red.png */ = {isa = PBXFileReference; lastKnownFileType = image.png; path = a_red.png; sourceTree = "<group>"; };
		CDBE25731A9938B1001312C0 /* a_yellow.png */ = {isa = PBXFileReference; lastKnownFileType = image.png; path = a_yellow.png; sourceTree = "<group>"; };
		CDBE25741A9938B1001312C0 /* x_green.png */ = {isa = PBXFileReference; lastKnownFileType = image.png; path = x_green.png; sourceTree = "<group>"; };
		CDBE25751A9938B1001312C0 /* x_yellow.png */ = {isa = PBXFileReference; lastKnownFileType = image.png; path = x_yellow.png; sourceTree = "<group>"; };
		CDBE25761A9938B1001312C0 /* f_blue.png */ = {isa = PBXFileReference; lastKnownFileType = image.png; path = f_blue.png; sourceTree = "<group>"; };
		CDBE25771A9938B1001312C0 /* f_gray.png */ = {isa = PBXFileReference; lastKnownFileType = image.png; path = f_gray.png; sourceTree = "<group>"; };
		CDBE25781A9938B1001312C0 /* f_green.png */ = {isa = PBXFileReference; lastKnownFileType = image.png; path = f_green.png; sourceTree = "<group>"; };
		CDBE25791A9938B1001312C0 /* f_red.png */ = {isa = PBXFileReference; lastKnownFileType = image.png; path = f_red.png; sourceTree = "<group>"; };
		CDBE257A1A9938B1001312C0 /* f_yellow.png */ = {isa = PBXFileReference; lastKnownFileType = image.png; path = f_yellow.png; sourceTree = "<group>"; };
		CDBE257B1A9938B1001312C0 /* HeroWars_health_1.png */ = {isa = PBXFileReference; lastKnownFileType = image.png; path = HeroWars_health_1.png; sourceTree = "<group>"; };
		CDBE257C1A9938B1001312C0 /* HeroWars_health_2.png */ = {isa = PBXFileReference; lastKnownFileType = image.png; path = HeroWars_health_2.png; sourceTree = "<group>"; };
		CDBE257D1A9938B1001312C0 /* HeroWars_health_3.png */ = {isa = PBXFileReference; lastKnownFileType = image.png; path = HeroWars_health_3.png; sourceTree = "<group>"; };
		CDBE257E1A9938B1001312C0 /* HeroWars_health_4.png */ = {isa = PBXFileReference; lastKnownFileType = image.png; path = HeroWars_health_4.png; sourceTree = "<group>"; };
		CDBE257F1A9938B1001312C0 /* HeroWars_health_5.png */ = {isa = PBXFileReference; lastKnownFileType = image.png; path = HeroWars_health_5.png; sourceTree = "<group>"; };
		CDBE25801A9938B1001312C0 /* HeroWars_health_6.png */ = {isa = PBXFileReference; lastKnownFileType = image.png; path = HeroWars_health_6.png; sourceTree = "<group>"; };
		CDBE25811A9938B1001312C0 /* HeroWars_health_7.png */ = {isa = PBXFileReference; lastKnownFileType = image.png; path = HeroWars_health_7.png; sourceTree = "<group>"; };
		CDBE25821A9938B1001312C0 /* HeroWars_health_8.png */ = {isa = PBXFileReference; lastKnownFileType = image.png; path = HeroWars_health_8.png; sourceTree = "<group>"; };
		CDBE25831A9938B1001312C0 /* HeroWars_health_9.png */ = {isa = PBXFileReference; lastKnownFileType = image.png; path = HeroWars_health_9.png; sourceTree = "<group>"; };
		CDBE25991A993DD0001312C0 /* TheField.txt */ = {isa = PBXFileReference; fileEncoding = 4; lastKnownFileType = text; path = TheField.txt; sourceTree = "<group>"; };
		CDBF8FEA1B6DD1F600FF3B87 /* Abilities.txt */ = {isa = PBXFileReference; fileEncoding = 4; lastKnownFileType = text; path = Abilities.txt; sourceTree = "<group>"; };
		CDBF90001B827E3100FF3B87 /* AllUIElements.h */ = {isa = PBXFileReference; lastKnownFileType = sourcecode.c.h; path = AllUIElements.h; sourceTree = "<group>"; };
		CDBF90161B84F82600FF3B87 /* CommandScene.h */ = {isa = PBXFileReference; fileEncoding = 4; lastKnownFileType = sourcecode.c.h; path = CommandScene.h; sourceTree = "<group>"; };
		CDBF90171B84F82600FF3B87 /* CommandScene.m */ = {isa = PBXFileReference; fileEncoding = 4; lastKnownFileType = sourcecode.c.objc; path = CommandScene.m; sourceTree = "<group>"; };
		CDBF90191B850F1700FF3B87 /* MoveActionScene.h */ = {isa = PBXFileReference; fileEncoding = 4; lastKnownFileType = sourcecode.c.h; path = MoveActionScene.h; sourceTree = "<group>"; };
		CDBF901A1B850F1700FF3B87 /* MoveActionScene.m */ = {isa = PBXFileReference; fileEncoding = 4; lastKnownFileType = sourcecode.c.objc; path = MoveActionScene.m; sourceTree = "<group>"; };
		CDBF901C1B850F2500FF3B87 /* ShowRangeScene.h */ = {isa = PBXFileReference; fileEncoding = 4; lastKnownFileType = sourcecode.c.h; path = ShowRangeScene.h; sourceTree = "<group>"; };
		CDBF901D1B850F2500FF3B87 /* ShowRangeScene.m */ = {isa = PBXFileReference; fileEncoding = 4; lastKnownFileType = sourcecode.c.objc; path = ShowRangeScene.m; sourceTree = "<group>"; };
		CDBF901F1B850F3600FF3B87 /* ProductionScene.h */ = {isa = PBXFileReference; fileEncoding = 4; lastKnownFileType = sourcecode.c.h; path = ProductionScene.h; sourceTree = "<group>"; };
		CDBF90201B850F3600FF3B87 /* ProductionScene.m */ = {isa = PBXFileReference; fileEncoding = 4; lastKnownFileType = sourcecode.c.objc; path = ProductionScene.m; sourceTree = "<group>"; };
		CDBF90221B850F4600FF3B87 /* GameMenuScene.h */ = {isa = PBXFileReference; fileEncoding = 4; lastKnownFileType = sourcecode.c.h; path = GameMenuScene.h; sourceTree = "<group>"; };
		CDBF90231B850F4600FF3B87 /* GameMenuScene.m */ = {isa = PBXFileReference; fileEncoding = 4; lastKnownFileType = sourcecode.c.objc; path = GameMenuScene.m; sourceTree = "<group>"; };
		CDBF90271B87F6A600FF3B87 /* GameView.h */ = {isa = PBXFileReference; fileEncoding = 4; lastKnownFileType = sourcecode.c.h; path = GameView.h; sourceTree = "<group>"; };
		CDBF90281B87F6A600FF3B87 /* GameView.m */ = {isa = PBXFileReference; fileEncoding = 4; lastKnownFileType = sourcecode.c.objc; path = GameView.m; sourceTree = "<group>"; };
		CDBF902A1B8909B600FF3B87 /* DropButton.h */ = {isa = PBXFileReference; fileEncoding = 4; lastKnownFileType = sourcecode.c.h; path = DropButton.h; sourceTree = "<group>"; };
		CDBF902B1B8909B600FF3B87 /* DropButton.m */ = {isa = PBXFileReference; fileEncoding = 4; lastKnownFileType = sourcecode.c.objc; path = DropButton.m; sourceTree = "<group>"; };
		CDBF902D1B89112500FF3B87 /* highilght_red.png */ = {isa = PBXFileReference; lastKnownFileType = image.png; path = highilght_red.png; sourceTree = "<group>"; };
		CDBF902F1B89164B00FF3B87 /* button_back_2.png */ = {isa = PBXFileReference; lastKnownFileType = image.png; path = button_back_2.png; sourceTree = "<group>"; };
		CDBF90311B89165500FF3B87 /* button_back.png */ = {isa = PBXFileReference; lastKnownFileType = image.png; path = button_back.png; sourceTree = "<group>"; };
		CDBF90331B89165D00FF3B87 /* button_gamemenu_2.png */ = {isa = PBXFileReference; lastKnownFileType = image.png; path = button_gamemenu_2.png; sourceTree = "<group>"; };
		CDBF90351B89166300FF3B87 /* button_gamemenu.png */ = {isa = PBXFileReference; lastKnownFileType = image.png; path = button_gamemenu.png; sourceTree = "<group>"; };
/* End PBXFileReference section */

/* Begin PBXFrameworksBuildPhase section */
		197703701A7D075B00E89CDE /* Frameworks */ = {
			isa = PBXFrameworksBuildPhase;
			buildActionMask = 2147483647;
			files = (
			);
			runOnlyForDeploymentPostprocessing = 0;
		};
		1977038E1A7D075C00E89CDE /* Frameworks */ = {
			isa = PBXFrameworksBuildPhase;
			buildActionMask = 2147483647;
			files = (
			);
			runOnlyForDeploymentPostprocessing = 0;
		};
/* End PBXFrameworksBuildPhase section */

/* Begin PBXGroup section */
		1977036A1A7D075B00E89CDE = {
			isa = PBXGroup;
			children = (
				192D61A11A7D382F0057213D /* Notes */,
				CDBF8FEA1B6DD1F600FF3B87 /* Abilities.txt */,
				197703751A7D075B00E89CDE /* HeroWars */,
				197703941A7D075C00E89CDE /* HeroWarsTests */,
				197703741A7D075B00E89CDE /* Products */,
			);
			sourceTree = "<group>";
		};
		197703741A7D075B00E89CDE /* Products */ = {
			isa = PBXGroup;
			children = (
				197703731A7D075B00E89CDE /* HeroWars.app */,
				197703911A7D075C00E89CDE /* HeroWarsTests.xctest */,
			);
			name = Products;
			sourceTree = "<group>";
		};
		197703751A7D075B00E89CDE /* HeroWars */ = {
			isa = PBXGroup;
			children = (
				1977037A1A7D075B00E89CDE /* AppDelegate.h */,
				1977037B1A7D075B00E89CDE /* AppDelegate.m */,
				197703821A7D075B00E89CDE /* GameViewController.h */,
				197703831A7D075B00E89CDE /* GameViewController.m */,
				CDBF90271B87F6A600FF3B87 /* GameView.h */,
				CDBF90281B87F6A600FF3B87 /* GameView.m */,
				1977037D1A7D075B00E89CDE /* GameScene.h */,
				1977037E1A7D075B00E89CDE /* GameScene.m */,
				CDBF90261B8516BD00FF3B87 /* Scene Subclasses */,
				197703A21A7D08E900E89CDE /* Gameboard.h */,
				197703A31A7D09A700E89CDE /* Gameboard.m */,
				19D35E6A1A84426600A99BC8 /* InputManager.h */,
				19D35E6B1A84426600A99BC8 /* InputManager.m */,
				CDC30BA81ADC40F80092AC82 /* Tiles */,
				CDC30BA71ADC40B90092AC82 /* Units */,
				CD69667A1B14D9E3009F4EC5 /* UI Elements */,
				CD6966581B13B48D009F4EC5 /* LevelParser.h */,
				CD6966591B13B48D009F4EC5 /* LevelParser.m */,
				CDB97D5F1A8BA84E00B5ECFA /* Pather.h */,
				CDB97D601A8BA84E00B5ECFA /* Pather.m */,
				197703801A7D075B00E89CDE /* GameScene.sks */,
				197703851A7D075B00E89CDE /* Main.storyboard */,
				197703881A7D075B00E89CDE /* Images.xcassets */,
				1977038A1A7D075B00E89CDE /* LaunchScreen.xib */,
				197703761A7D075B00E89CDE /* Supporting Files */,
			);
			path = HeroWars;
			sourceTree = "<group>";
		};
		197703761A7D075B00E89CDE /* Supporting Files */ = {
			isa = PBXGroup;
			children = (
				CDBE252C1A92AE0E001312C0 /* Images */,
				CDB97D681A8D111100B5ECFA /* Levels */,
				197703771A7D075B00E89CDE /* Info.plist */,
				197703781A7D075B00E89CDE /* main.m */,
			);
			name = "Supporting Files";
			sourceTree = "<group>";
		};
		197703941A7D075C00E89CDE /* HeroWarsTests */ = {
			isa = PBXGroup;
			children = (
				197703971A7D075C00E89CDE /* HeroWarsTests.m */,
				197703951A7D075C00E89CDE /* Supporting Files */,
			);
			path = HeroWarsTests;
			sourceTree = "<group>";
		};
		197703951A7D075C00E89CDE /* Supporting Files */ = {
			isa = PBXGroup;
			children = (
				197703961A7D075C00E89CDE /* Info.plist */,
			);
			name = "Supporting Files";
			sourceTree = "<group>";
		};
		CD69667A1B14D9E3009F4EC5 /* UI Elements */ = {
			isa = PBXGroup;
			children = (
				CDBF90001B827E3100FF3B87 /* AllUIElements.h */,
				CD55AB411A86A49C003AD677 /* Menu.h */,
				CD55AB421A86A49C003AD677 /* Menu.m */,
				CDBE252D1A92B1BA001312C0 /* ActionMenu.h */,
				CDBE252E1A92B1BA001312C0 /* ActionMenu.m */,
				CD55AB441A86A5BD003AD677 /* GeneralMenu.h */,
				CD55AB451A86A5BD003AD677 /* GeneralMenu.m */,
				CDBF902A1B8909B600FF3B87 /* DropButton.h */,
				CDBF902B1B8909B600FF3B87 /* DropButton.m */,
				CD26AC301A87DB2F00A96EEB /* Button.h */,
				CD26AC311A87DB2F00A96EEB /* Button.m */,
				CDB97D711A8E60B200B5ECFA /* Highlight.h */,
				CDB97D721A8E60B200B5ECFA /* Highlight.m */,
			);
			name = "UI Elements";
			sourceTree = "<group>";
		};
		CD69667C1B1785D0009F4EC5 /* Buildings */ = {
			isa = PBXGroup;
			children = (
				CD69667D1B1785F3009F4EC5 /* Town */,
				CD69667E1B1785FB009F4EC5 /* Barracks */,
				CD69667F1B17860D009F4EC5 /* Castle */,
			);
			name = Buildings;
			sourceTree = "<group>";
		};
		CD69667D1B1785F3009F4EC5 /* Town */ = {
			isa = PBXGroup;
			children = (
				CD8125EE1B69961B00794119 /* town_blue.png */,
				CD8125EF1B69961B00794119 /* town_red.png */,
			);
			name = Town;
			sourceTree = "<group>";
		};
		CD69667E1B1785FB009F4EC5 /* Barracks */ = {
			isa = PBXGroup;
			children = (
				CD8125F31B69962F00794119 /* barracks_blue.png */,
				CD8125F41B69962F00794119 /* barracks_red.png */,
			);
			name = Barracks;
			sourceTree = "<group>";
		};
		CD69667F1B17860D009F4EC5 /* Castle */ = {
			isa = PBXGroup;
			children = (
				CD8125DA1B656EE400794119 /* castle_red.png */,
				CD8125DC1B656FCB00794119 /* castle_blue.png */,
			);
			name = Castle;
			sourceTree = "<group>";
		};
		CD6966BE1B1787AC009F4EC5 /* Megapult */ = {
			isa = PBXGroup;
			children = (
				CD8125E41B6805FC00794119 /* megapult_blue.png */,
				CD8125E51B6805FC00794119 /* megapult_red.png */,
			);
			name = Megapult;
			sourceTree = "<group>";
		};
		CD6966BF1B1787AF009F4EC5 /* Ballista */ = {
			isa = PBXGroup;
			children = (
				CD6966EC1B178837009F4EC5 /* ballista_red.png */,
				CD6966EF1B178837009F4EC5 /* ballista_blue.png */,
			);
			name = Ballista;
			sourceTree = "<group>";
		};
		CD8125631B5EA21400794119 /* Letters */ = {
			isa = PBXGroup;
			children = (
				CD8125A41B617A1D00794119 /* B */,
				CD8125A31B6179CB00794119 /* T */,
				CD8125831B5EC02800794119 /* K */,
				CD81256A1B5EA97400794119 /* A */,
				CD81257E1B5EBCB700794119 /* C */,
				CDBE25441A991F14001312C0 /* F */,
				CD8125741B5EB30400794119 /* P */,
				CD81256F1B5EB1E900794119 /* X */,
			);
			name = Letters;
			sourceTree = "<group>";
		};
		CD8125691B5EA2B300794119 /* Unused Images */ = {
			isa = PBXGroup;
			children = (
				CD8125DE1B656FD900794119 /* Old Castles */,
				CD8125631B5EA21400794119 /* Letters */,
				CD8125A51B617A4C00794119 /* Crusader */,
				CD8125791B5EBC4900794119 /* Swordmaster */,
			);
			name = "Unused Images";
			sourceTree = "<group>";
		};
		CD81256A1B5EA97400794119 /* A */ = {
			isa = PBXGroup;
			children = (
				CDBE256F1A9938B1001312C0 /* a_blue.png */,
				CDBE25701A9938B1001312C0 /* a_gray.png */,
				CDBE25711A9938B1001312C0 /* a_green.png */,
				CDBE25721A9938B1001312C0 /* a_red.png */,
				CDBE25731A9938B1001312C0 /* a_yellow.png */,
			);
			name = A;
			sourceTree = "<group>";
		};
		CD81256F1B5EB1E900794119 /* X */ = {
			isa = PBXGroup;
			children = (
				CDBE25741A9938B1001312C0 /* x_green.png */,
				CDBE25751A9938B1001312C0 /* x_yellow.png */,
				CDB97D6C1A8D7FBA00B5ECFA /* x_blue.png */,
				CDB97D6D1A8D7FBA00B5ECFA /* x_red.png */,
				CDBE25251A92AE01001312C0 /* x_gray.png */,
			);
			name = X;
			sourceTree = "<group>";
		};
		CD8125741B5EB30400794119 /* P */ = {
			isa = PBXGroup;
			children = (
				CD6966CD1B178804009F4EC5 /* p_yellow.png */,
				CD6966CE1B178804009F4EC5 /* p_red.png */,
				CD6966CF1B178804009F4EC5 /* p_green.png */,
				CD6966D01B178804009F4EC5 /* p_gray.png */,
				CD6966D11B178804009F4EC5 /* p_blue.png */,
			);
			name = P;
			sourceTree = "<group>";
		};
		CD8125791B5EBC4900794119 /* Swordmaster */ = {
			isa = PBXGroup;
			children = (
				CD8125B41B619C5200794119 /* swordmaster_blue.png */,
				CD8125B51B619C5200794119 /* swordmaster_red.png */,
			);
			name = Swordmaster;
			sourceTree = "<group>";
		};
		CD81257E1B5EBCB700794119 /* C */ = {
			isa = PBXGroup;
			children = (
				CD6966E21B17882D009F4EC5 /* c_red.png */,
				CD6966E51B17882D009F4EC5 /* c_blue.png */,
				CD6966E11B17882D009F4EC5 /* c_yellow.png */,
				CD6966E31B17882D009F4EC5 /* c_green.png */,
				CD6966E41B17882D009F4EC5 /* c_gray.png */,
			);
			name = C;
			sourceTree = "<group>";
		};
		CD8125831B5EC02800794119 /* K */ = {
			isa = PBXGroup;
			children = (
				CD6966D71B178810009F4EC5 /* k_yellow.png */,
				CD6966D81B178810009F4EC5 /* k_red.png */,
				CD6966D91B178810009F4EC5 /* k_green.png */,
				CD6966DA1B178810009F4EC5 /* k_gray.png */,
				CD6966DB1B178810009F4EC5 /* k_blue.png */,
			);
			name = K;
			sourceTree = "<group>";
		};
		CD8125A21B61796800794119 /* Catapult */ = {
			isa = PBXGroup;
			children = (
				CD8125E11B6805FC00794119 /* catapult_blue.png */,
				CD8125E21B6805FC00794119 /* catapult_red.png */,
			);
			name = Catapult;
			sourceTree = "<group>";
		};
		CD8125A31B6179CB00794119 /* T */ = {
			isa = PBXGroup;
			children = (
				CD6966C41B1787F8009F4EC5 /* t_red.png */,
				CD6966C71B1787F8009F4EC5 /* t_blue.png */,
				CD6966C31B1787F8009F4EC5 /* t_yellow.png */,
				CD6966C51B1787F8009F4EC5 /* t_green.png */,
				CD6966C61B1787F8009F4EC5 /* t_gray.png */,
			);
			name = T;
			sourceTree = "<group>";
		};
		CD8125A41B617A1D00794119 /* B */ = {
			isa = PBXGroup;
			children = (
				CD6966EB1B178837009F4EC5 /* b_yellow.png */,
				CD6966ED1B178837009F4EC5 /* b_green.png */,
				CD6966EE1B178837009F4EC5 /* b_gray.png */,
			);
			name = B;
			sourceTree = "<group>";
		};
		CD8125A51B617A4C00794119 /* Crusader */ = {
			isa = PBXGroup;
			children = (
				CD8125611B5E9CE700794119 /* Crusader.png */,
			);
			name = Crusader;
			sourceTree = "<group>";
		};
		CD8125CB1B619C8B00794119 /* GreatKnight */ = {
			isa = PBXGroup;
			children = (
				CD8125AE1B619C5200794119 /* greatknight_blue.png */,
				CD8125AF1B619C5200794119 /* greatknight_red.png */,
			);
			name = GreatKnight;
			sourceTree = "<group>";
		};
		CD8125CC1B619C8D00794119 /* Knight */ = {
			isa = PBXGroup;
			children = (
				CD8125B01B619C5200794119 /* knight_blue.png */,
				CD8125B11B619C5200794119 /* knight_red.png */,
			);
			name = Knight;
			sourceTree = "<group>";
		};
		CD8125CD1B619C9000794119 /* Scout */ = {
			isa = PBXGroup;
			children = (
				CD8125A61B619C5200794119 /* scout_blue.png */,
				CD8125A71B619C5200794119 /* scout_red.png */,
			);
			name = Scout;
			sourceTree = "<group>";
		};
		CD8125CE1B619C9300794119 /* Axeman */ = {
			isa = PBXGroup;
			children = (
				CD8125AA1B619C5200794119 /* axeman_blue.png */,
				CD8125AB1B619C5200794119 /* axeman_red.png */,
			);
			name = Axeman;
			sourceTree = "<group>";
		};
		CD8125CF1B619C9600794119 /* Archer */ = {
			isa = PBXGroup;
			children = (
				CD8125A81B619C5200794119 /* archer_blue.png */,
				CD8125A91B619C5200794119 /* archer_red.png */,
			);
			name = Archer;
			sourceTree = "<group>";
		};
		CD8125D01B619C9E00794119 /* Footman */ = {
			isa = PBXGroup;
			children = (
				CD8125AC1B619C5200794119 /* Footman_Blue.png */,
				CD8125AD1B619C5200794119 /* Footman_Red.png */,
			);
			name = Footman;
			sourceTree = "<group>";
		};
		CD8125D11B619CF200794119 /* Phalanx */ = {
			isa = PBXGroup;
			children = (
				CD8125B21B619C5200794119 /* phalanx_blue.png */,
				CD8125B31B619C5200794119 /* phalanx_red.png */,
			);
			name = Phalanx;
			sourceTree = "<group>";
		};
		CD8125DE1B656FD900794119 /* Old Castles */ = {
			isa = PBXGroup;
			children = (
				CD6966A81B17871B009F4EC5 /* old_castle_blue.png */,
				CD6966A91B17871B009F4EC5 /* old_castle_gray.png */,
				CD6966AA1B17871B009F4EC5 /* old_castle_green.png */,
				CD6966AB1B17871B009F4EC5 /* old_castle_red.png */,
				CD6966AC1B17871B009F4EC5 /* old_castle_yellow.png */,
			);
			name = "Old Castles";
			sourceTree = "<group>";
		};
		CDB97D681A8D111100B5ECFA /* Levels */ = {
			isa = PBXGroup;
			children = (
				CD69665B1B13C456009F4EC5 /* HowToFormatLevelFiles.txt */,
				CDB97D691A8D145C00B5ECFA /* Campaign1.txt */,
				CDBE25991A993DD0001312C0 /* TheField.txt */,
				CD8125D21B64180700794119 /* TheBridge.txt */,
				CD8125D41B641B1C00794119 /* TestMap1.txt */,
				194871441A9C2C14002B60A0 /* MaxLevel1.txt */,
			);
			name = Levels;
			sourceTree = "<group>";
		};
		CDBE252C1A92AE0E001312C0 /* Images */ = {
			isa = PBXGroup;
			children = (
				CDBE253E1A991A5B001312C0 /* UI */,
				CDBE253B1A991A04001312C0 /* Units */,
				CD69667C1B1785D0009F4EC5 /* Buildings */,
				CDBE253D1A991A26001312C0 /* Terrain */,
				CD8125691B5EA2B300794119 /* Unused Images */,
			);
			name = Images;
			sourceTree = "<group>";
		};
		CDBE25391A9919D6001312C0 /* Buttons */ = {
			isa = PBXGroup;
			children = (
				CDBE25221A92AE01001312C0 /* HeroWars_button_options.png */,
				CDBE25231A92AE01001312C0 /* HeroWars_button_wait.png */,
				CDBE25201A92AE01001312C0 /* HeroWars_button_attack.png */,
				CDBE25211A92AE01001312C0 /* HeroWars_button_end.png */,
				CDBF90311B89165500FF3B87 /* button_back.png */,
				CDBF902F1B89164B00FF3B87 /* button_back_2.png */,
				CDBF90351B89166300FF3B87 /* button_gamemenu.png */,
				CDBF90331B89165D00FF3B87 /* button_gamemenu_2.png */,
			);
			name = Buttons;
			sourceTree = "<group>";
		};
		CDBE253A1A9919F2001312C0 /* Menus */ = {
			isa = PBXGroup;
			children = (
				CDBE25241A92AE01001312C0 /* HeroWars_generalMenu1.png */,
			);
			name = Menus;
			sourceTree = "<group>";
		};
		CDBE253B1A991A04001312C0 /* Units */ = {
			isa = PBXGroup;
			children = (
				CD8125D01B619C9E00794119 /* Footman */,
				CD8125CF1B619C9600794119 /* Archer */,
				CD8125CE1B619C9300794119 /* Axeman */,
				CD8125D11B619CF200794119 /* Phalanx */,
				CD8125CD1B619C9000794119 /* Scout */,
				CD8125CC1B619C8D00794119 /* Knight */,
				CD8125CB1B619C8B00794119 /* GreatKnight */,
				CD8125A21B61796800794119 /* Catapult */,
				CD6966BE1B1787AC009F4EC5 /* Megapult */,
				CD6966BF1B1787AF009F4EC5 /* Ballista */,
			);
			name = Units;
			sourceTree = "<group>";
		};
		CDBE253D1A991A26001312C0 /* Terrain */ = {
			isa = PBXGroup;
			children = (
				CD8125E31B6805FC00794119 /* plains.png */,
				CD8125F61B69962F00794119 /* mountain.png */,
				CD8125ED1B69961B00794119 /* road.png */,
				CD8125EB1B6808A400794119 /* sea.png */,
				CD8125F51B69962F00794119 /* forest.png */,
				CD6966B41B17875D009F4EC5 /* river.png */,
				CDB97D631A8BC24E00B5ECFA /* heroWars_tile_51_white.png */,
			);
			name = Terrain;
			sourceTree = "<group>";
		};
		CDBE253E1A991A5B001312C0 /* UI */ = {
			isa = PBXGroup;
			children = (
				CDBE253A1A9919F2001312C0 /* Menus */,
				CDBE25391A9919D6001312C0 /* Buttons */,
				CDBE253F1A991A6E001312C0 /* Highlights */,
				CDBE255A1A991FBB001312C0 /* Health Indicators */,
			);
			name = UI;
			sourceTree = "<group>";
		};
		CDBE253F1A991A6E001312C0 /* Highlights */ = {
			isa = PBXGroup;
			children = (
				CDB97D6B1A8D7FBA00B5ECFA /* highlight_blue.png */,
				CDBF902D1B89112500FF3B87 /* highilght_red.png */,
			);
			name = Highlights;
			sourceTree = "<group>";
		};
		CDBE25441A991F14001312C0 /* F */ = {
			isa = PBXGroup;
			children = (
				CDBE25761A9938B1001312C0 /* f_blue.png */,
				CDBE25771A9938B1001312C0 /* f_gray.png */,
				CDBE25781A9938B1001312C0 /* f_green.png */,
				CDBE25791A9938B1001312C0 /* f_red.png */,
				CDBE257A1A9938B1001312C0 /* f_yellow.png */,
			);
			name = F;
			sourceTree = "<group>";
		};
		CDBE255A1A991FBB001312C0 /* Health Indicators */ = {
			isa = PBXGroup;
			children = (
				CDBE257B1A9938B1001312C0 /* HeroWars_health_1.png */,
				CDBE257C1A9938B1001312C0 /* HeroWars_health_2.png */,
				CDBE257D1A9938B1001312C0 /* HeroWars_health_3.png */,
				CDBE257E1A9938B1001312C0 /* HeroWars_health_4.png */,
				CDBE257F1A9938B1001312C0 /* HeroWars_health_5.png */,
				CDBE25801A9938B1001312C0 /* HeroWars_health_6.png */,
				CDBE25811A9938B1001312C0 /* HeroWars_health_7.png */,
				CDBE25821A9938B1001312C0 /* HeroWars_health_8.png */,
				CDBE25831A9938B1001312C0 /* HeroWars_health_9.png */,
			);
			name = "Health Indicators";
			sourceTree = "<group>";
		};
		CDBF90261B8516BD00FF3B87 /* Scene Subclasses */ = {
			isa = PBXGroup;
			children = (
				CDBF90161B84F82600FF3B87 /* CommandScene.h */,
				CDBF90171B84F82600FF3B87 /* CommandScene.m */,
				CDBF90221B850F4600FF3B87 /* GameMenuScene.h */,
				CDBF90231B850F4600FF3B87 /* GameMenuScene.m */,
				CDBF90191B850F1700FF3B87 /* MoveActionScene.h */,
				CDBF901A1B850F1700FF3B87 /* MoveActionScene.m */,
				CDBF901C1B850F2500FF3B87 /* ShowRangeScene.h */,
				CDBF901D1B850F2500FF3B87 /* ShowRangeScene.m */,
				CDBF901F1B850F3600FF3B87 /* ProductionScene.h */,
				CDBF90201B850F3600FF3B87 /* ProductionScene.m */,
			);
			name = "Scene Subclasses";
			sourceTree = "<group>";
		};
		CDC30BA71ADC40B90092AC82 /* Units */ = {
			isa = PBXGroup;
			children = (
				CD81259C1B61438100794119 /* UnitStatistics.txt */,
				CD26AC331A87EA6600A96EEB /* Unit.h */,
				CD26AC341A87EA6600A96EEB /* Unit.m */,
				CD81259E1B614C5200794119 /* UnitStatsParser.h */,
				CD81259F1B614C5200794119 /* UnitStatsParser.m */,
				CDBE25301A97ED7D001312C0 /* Combat.h */,
				CDBE25311A97ED7D001312C0 /* Combat.m */,
			);
			name = Units;
			sourceTree = "<group>";
		};
		CDC30BA81ADC40F80092AC82 /* Tiles */ = {
			isa = PBXGroup;
			children = (
				CD8125D61B64492200794119 /* TileStatistics.txt */,
				CD8125D81B65689200794119 /* TerrainNotes.txt */,
				197703A11A7D087000E89CDE /* Tile.h */,
				192D619F1A7D32A50057213D /* Tile.m */,
				CD8125FB1B699F0E00794119 /* TileParser.h */,
				CD8125FC1B699F0E00794119 /* TileParser.m */,
			);
			name = Tiles;
			sourceTree = "<group>";
		};
/* End PBXGroup section */

/* Begin PBXNativeTarget section */
		197703721A7D075B00E89CDE /* HeroWars */ = {
			isa = PBXNativeTarget;
			buildConfigurationList = 1977039B1A7D075C00E89CDE /* Build configuration list for PBXNativeTarget "HeroWars" */;
			buildPhases = (
				1977036F1A7D075B00E89CDE /* Sources */,
				197703701A7D075B00E89CDE /* Frameworks */,
				197703711A7D075B00E89CDE /* Resources */,
			);
			buildRules = (
			);
			dependencies = (
			);
			name = HeroWars;
			productName = HeroWars;
			productReference = 197703731A7D075B00E89CDE /* HeroWars.app */;
			productType = "com.apple.product-type.application";
		};
		197703901A7D075C00E89CDE /* HeroWarsTests */ = {
			isa = PBXNativeTarget;
			buildConfigurationList = 1977039E1A7D075C00E89CDE /* Build configuration list for PBXNativeTarget "HeroWarsTests" */;
			buildPhases = (
				1977038D1A7D075C00E89CDE /* Sources */,
				1977038E1A7D075C00E89CDE /* Frameworks */,
				1977038F1A7D075C00E89CDE /* Resources */,
			);
			buildRules = (
			);
			dependencies = (
				197703931A7D075C00E89CDE /* PBXTargetDependency */,
			);
			name = HeroWarsTests;
			productName = HeroWarsTests;
			productReference = 197703911A7D075C00E89CDE /* HeroWarsTests.xctest */;
			productType = "com.apple.product-type.bundle.unit-test";
		};
/* End PBXNativeTarget section */

/* Begin PBXProject section */
		1977036B1A7D075B00E89CDE /* Project object */ = {
			isa = PBXProject;
			attributes = {
				LastUpgradeCheck = 0610;
				ORGANIZATIONNAME = "Max Shashoua";
				TargetAttributes = {
					197703721A7D075B00E89CDE = {
						CreatedOnToolsVersion = 6.1.1;
					};
					197703901A7D075C00E89CDE = {
						CreatedOnToolsVersion = 6.1.1;
						TestTargetID = 197703721A7D075B00E89CDE;
					};
				};
			};
			buildConfigurationList = 1977036E1A7D075B00E89CDE /* Build configuration list for PBXProject "HeroWars" */;
			compatibilityVersion = "Xcode 3.2";
			developmentRegion = English;
			hasScannedForEncodings = 0;
			knownRegions = (
				en,
				Base,
			);
			mainGroup = 1977036A1A7D075B00E89CDE;
			productRefGroup = 197703741A7D075B00E89CDE /* Products */;
			projectDirPath = "";
			projectRoot = "";
			targets = (
				197703721A7D075B00E89CDE /* HeroWars */,
				197703901A7D075C00E89CDE /* HeroWarsTests */,
			);
		};
/* End PBXProject section */

/* Begin PBXResourcesBuildPhase section */
		197703711A7D075B00E89CDE /* Resources */ = {
			isa = PBXResourcesBuildPhase;
			buildActionMask = 2147483647;
			files = (
				CD6966E91B17882D009F4EC5 /* c_gray.png in Resources */,
				CD8125B81B619C5200794119 /* scout_blue.png in Resources */,
				CD8125FA1B69962F00794119 /* mountain.png in Resources */,
				CDBE25981A9938B1001312C0 /* HeroWars_health_9.png in Resources */,
				CDBE25941A9938B1001312C0 /* HeroWars_health_5.png in Resources */,
				CDBE258F1A9938B1001312C0 /* f_yellow.png in Resources */,
				CD6966F41B178837009F4EC5 /* ballista_blue.png in Resources */,
				CD6966DE1B178810009F4EC5 /* k_green.png in Resources */,
				CD8125F11B69961B00794119 /* town_blue.png in Resources */,
				CDBE258C1A9938B1001312C0 /* f_gray.png in Resources */,
				CDBE25971A9938B1001312C0 /* HeroWars_health_8.png in Resources */,
				CD8125621B5E9CE700794119 /* Crusader.png in Resources */,
				CD6966C81B1787F8009F4EC5 /* t_yellow.png in Resources */,
				CD8125EA1B6805FC00794119 /* megapult_red.png in Resources */,
				CDBF90321B89165500FF3B87 /* button_back.png in Resources */,
				CDBE25841A9938B1001312C0 /* a_blue.png in Resources */,
				CD8125C31B619C5200794119 /* knight_red.png in Resources */,
				CD6966CC1B1787F8009F4EC5 /* t_blue.png in Resources */,
				CD6966EA1B17882D009F4EC5 /* c_blue.png in Resources */,
				1977038C1A7D075B00E89CDE /* LaunchScreen.xib in Resources */,
				CDBE259A1A993DD0001312C0 /* TheField.txt in Resources */,
				CD8125BF1B619C5200794119 /* Footman_Red.png in Resources */,
				CD6966D21B178804009F4EC5 /* p_yellow.png in Resources */,
				CD6966CB1B1787F8009F4EC5 /* t_gray.png in Resources */,
				CDBE252A1A92AE01001312C0 /* HeroWars_generalMenu1.png in Resources */,
				192D61A21A7D382F0057213D /* Notes in Resources */,
				CD6966C91B1787F8009F4EC5 /* t_red.png in Resources */,
				CDBE25261A92AE01001312C0 /* HeroWars_button_attack.png in Resources */,
				CDBF8FEB1B6DD1F600FF3B87 /* Abilities.txt in Resources */,
				CDBF902E1B89112500FF3B87 /* highilght_red.png in Resources */,
				CD6966DD1B178810009F4EC5 /* k_red.png in Resources */,
				CD6966CA1B1787F8009F4EC5 /* t_green.png in Resources */,
				CDBE25951A9938B1001312C0 /* HeroWars_health_6.png in Resources */,
				CDBE25881A9938B1001312C0 /* a_yellow.png in Resources */,
				CD8125B91B619C5200794119 /* scout_red.png in Resources */,
				CD6966DC1B178810009F4EC5 /* k_yellow.png in Resources */,
				CD8125C21B619C5200794119 /* knight_blue.png in Resources */,
				CD6966F21B178837009F4EC5 /* b_green.png in Resources */,
				CD8125F81B69962F00794119 /* barracks_red.png in Resources */,
				194871451A9C2C14002B60A0 /* MaxLevel1.txt in Resources */,
				CDBE25931A9938B1001312C0 /* HeroWars_health_4.png in Resources */,
				CD6966E61B17882D009F4EC5 /* c_yellow.png in Resources */,
				CD8125F91B69962F00794119 /* forest.png in Resources */,
				CD8125C51B619C5200794119 /* phalanx_red.png in Resources */,
				CD8125D91B65689200794119 /* TerrainNotes.txt in Resources */,
				CD81259D1B61438100794119 /* UnitStatistics.txt in Resources */,
				CDBE25921A9938B1001312C0 /* HeroWars_health_3.png in Resources */,
				CD8125BB1B619C5200794119 /* archer_red.png in Resources */,
				CD8125F21B69961B00794119 /* town_red.png in Resources */,
				CD6966D31B178804009F4EC5 /* p_red.png in Resources */,
				CD8125C41B619C5200794119 /* phalanx_blue.png in Resources */,
				CDBE258E1A9938B1001312C0 /* f_red.png in Resources */,
				CDBE25271A92AE01001312C0 /* HeroWars_button_end.png in Resources */,
				CD6966D51B178804009F4EC5 /* p_gray.png in Resources */,
				CDBF90361B89166300FF3B87 /* button_gamemenu.png in Resources */,
				CD8125BD1B619C5200794119 /* axeman_red.png in Resources */,
				CD8125BC1B619C5200794119 /* axeman_blue.png in Resources */,
				CDBF90301B89164B00FF3B87 /* button_back_2.png in Resources */,
				CD8125DB1B656EE400794119 /* castle_red.png in Resources */,
				CDBE25291A92AE01001312C0 /* HeroWars_button_wait.png in Resources */,
				CDBE25861A9938B1001312C0 /* a_green.png in Resources */,
				CDBE25281A92AE01001312C0 /* HeroWars_button_options.png in Resources */,
				CD8125E71B6805FC00794119 /* catapult_red.png in Resources */,
				CD6966AD1B17871B009F4EC5 /* old_castle_blue.png in Resources */,
				CDB97D6F1A8D7FBA00B5ECFA /* x_blue.png in Resources */,
				CDBE252B1A92AE01001312C0 /* x_gray.png in Resources */,
				197703891A7D075B00E89CDE /* Images.xcassets in Resources */,
				CD8125BE1B619C5200794119 /* Footman_Blue.png in Resources */,
				CDBE25961A9938B1001312C0 /* HeroWars_health_7.png in Resources */,
				CD6966AE1B17871B009F4EC5 /* old_castle_gray.png in Resources */,
				CD8125D31B64180700794119 /* TheBridge.txt in Resources */,
				CD6966B01B17871B009F4EC5 /* old_castle_red.png in Resources */,
				CD8125D51B641B1C00794119 /* TestMap1.txt in Resources */,
				CDBE258D1A9938B1001312C0 /* f_green.png in Resources */,
				CDB97D701A8D7FBA00B5ECFA /* x_red.png in Resources */,
				CDB97D661A8BC24E00B5ECFA /* heroWars_tile_51_white.png in Resources */,
				CD8125E91B6805FC00794119 /* megapult_blue.png in Resources */,
				197703811A7D075B00E89CDE /* GameScene.sks in Resources */,
				CD6966B11B17871B009F4EC5 /* old_castle_yellow.png in Resources */,
				CDBF90341B89165D00FF3B87 /* button_gamemenu_2.png in Resources */,
				CDBE258A1A9938B1001312C0 /* x_yellow.png in Resources */,
				CDB97D6A1A8D145C00B5ECFA /* Campaign1.txt in Resources */,
				CDBE25901A9938B1001312C0 /* HeroWars_health_1.png in Resources */,
				CD6966F31B178837009F4EC5 /* b_gray.png in Resources */,
				CD6966E01B178810009F4EC5 /* k_blue.png in Resources */,
				CD6966E81B17882D009F4EC5 /* c_green.png in Resources */,
				CD6966D61B178804009F4EC5 /* p_blue.png in Resources */,
				197703871A7D075B00E89CDE /* Main.storyboard in Resources */,
				CDBE25871A9938B1001312C0 /* a_red.png in Resources */,
				CDBE25851A9938B1001312C0 /* a_gray.png in Resources */,
				CD8125C61B619C5200794119 /* swordmaster_blue.png in Resources */,
				CD8125C71B619C5200794119 /* swordmaster_red.png in Resources */,
				CDBE258B1A9938B1001312C0 /* f_blue.png in Resources */,
				CDBE25891A9938B1001312C0 /* x_green.png in Resources */,
				CD69665C1B13C456009F4EC5 /* HowToFormatLevelFiles.txt in Resources */,
				CDBE25911A9938B1001312C0 /* HeroWars_health_2.png in Resources */,
				CD8125EC1B6808A400794119 /* sea.png in Resources */,
				CD6966E71B17882D009F4EC5 /* c_red.png in Resources */,
				CD6966F11B178837009F4EC5 /* ballista_red.png in Resources */,
				CD6966D41B178804009F4EC5 /* p_green.png in Resources */,
				CD8125D71B64492200794119 /* TileStatistics.txt in Resources */,
				CD8125DD1B656FCB00794119 /* castle_blue.png in Resources */,
				CD6966BA1B17875D009F4EC5 /* river.png in Resources */,
				CD8125C11B619C5200794119 /* greatknight_red.png in Resources */,
				CD6966AF1B17871B009F4EC5 /* old_castle_green.png in Resources */,
				CD8125E61B6805FC00794119 /* catapult_blue.png in Resources */,
				CD8125E81B6805FC00794119 /* plains.png in Resources */,
				CD6966F01B178837009F4EC5 /* b_yellow.png in Resources */,
				CD8125F01B69961B00794119 /* road.png in Resources */,
				CD8125F71B69962F00794119 /* barracks_blue.png in Resources */,
				CD8125C01B619C5200794119 /* greatknight_blue.png in Resources */,
				CD6966DF1B178810009F4EC5 /* k_gray.png in Resources */,
				CD8125BA1B619C5200794119 /* archer_blue.png in Resources */,
				CDB97D6E1A8D7FBA00B5ECFA /* highlight_blue.png in Resources */,
			);
			runOnlyForDeploymentPostprocessing = 0;
		};
		1977038F1A7D075C00E89CDE /* Resources */ = {
			isa = PBXResourcesBuildPhase;
			buildActionMask = 2147483647;
			files = (
			);
			runOnlyForDeploymentPostprocessing = 0;
		};
/* End PBXResourcesBuildPhase section */

/* Begin PBXSourcesBuildPhase section */
		1977036F1A7D075B00E89CDE /* Sources */ = {
			isa = PBXSourcesBuildPhase;
			buildActionMask = 2147483647;
			files = (
				CDB97D611A8BA84E00B5ECFA /* Pather.m in Sources */,
				197703841A7D075B00E89CDE /* GameViewController.m in Sources */,
				1977037C1A7D075B00E89CDE /* AppDelegate.m in Sources */,
				1977037F1A7D075B00E89CDE /* GameScene.m in Sources */,
				19D35E6C1A84426600A99BC8 /* InputManager.m in Sources */,
				CD55AB461A86A5BD003AD677 /* GeneralMenu.m in Sources */,
				CDBF901B1B850F1700FF3B87 /* MoveActionScene.m in Sources */,
				CDBF90211B850F3600FF3B87 /* ProductionScene.m in Sources */,
				CDBF902C1B8909B600FF3B87 /* DropButton.m in Sources */,
				197703A41A7D09A700E89CDE /* Gameboard.m in Sources */,
				CD26AC321A87DB2F00A96EEB /* Button.m in Sources */,
				192D61A01A7D32A50057213D /* Tile.m in Sources */,
				CDBE25321A97ED7D001312C0 /* Combat.m in Sources */,
				CD8125A01B614C5200794119 /* UnitStatsParser.m in Sources */,
				CD8125FD1B699F0E00794119 /* TileParser.m in Sources */,
				CD26AC351A87EA6600A96EEB /* Unit.m in Sources */,
				CDBF90181B84F82600FF3B87 /* CommandScene.m in Sources */,
				197703791A7D075B00E89CDE /* main.m in Sources */,
				CDBE252F1A92B1BA001312C0 /* ActionMenu.m in Sources */,
				CDBF90291B87F6A600FF3B87 /* GameView.m in Sources */,
				CDB97D731A8E60B200B5ECFA /* Highlight.m in Sources */,
				CDBF90241B850F4600FF3B87 /* GameMenuScene.m in Sources */,
				CDBF901E1B850F2500FF3B87 /* ShowRangeScene.m in Sources */,
				CD69665A1B13B48D009F4EC5 /* LevelParser.m in Sources */,
				CD55AB431A86A49C003AD677 /* Menu.m in Sources */,
			);
			runOnlyForDeploymentPostprocessing = 0;
		};
		1977038D1A7D075C00E89CDE /* Sources */ = {
			isa = PBXSourcesBuildPhase;
			buildActionMask = 2147483647;
			files = (
				197703981A7D075C00E89CDE /* HeroWarsTests.m in Sources */,
			);
			runOnlyForDeploymentPostprocessing = 0;
		};
/* End PBXSourcesBuildPhase section */

/* Begin PBXTargetDependency section */
		197703931A7D075C00E89CDE /* PBXTargetDependency */ = {
			isa = PBXTargetDependency;
			target = 197703721A7D075B00E89CDE /* HeroWars */;
			targetProxy = 197703921A7D075C00E89CDE /* PBXContainerItemProxy */;
		};
/* End PBXTargetDependency section */

/* Begin PBXVariantGroup section */
		197703851A7D075B00E89CDE /* Main.storyboard */ = {
			isa = PBXVariantGroup;
			children = (
				197703861A7D075B00E89CDE /* Base */,
			);
			name = Main.storyboard;
			sourceTree = "<group>";
		};
		1977038A1A7D075B00E89CDE /* LaunchScreen.xib */ = {
			isa = PBXVariantGroup;
			children = (
				1977038B1A7D075B00E89CDE /* Base */,
			);
			name = LaunchScreen.xib;
			sourceTree = "<group>";
		};
/* End PBXVariantGroup section */

/* Begin XCBuildConfiguration section */
		197703991A7D075C00E89CDE /* Debug */ = {
			isa = XCBuildConfiguration;
			buildSettings = {
				ALWAYS_SEARCH_USER_PATHS = NO;
				CLANG_CXX_LANGUAGE_STANDARD = "gnu++0x";
				CLANG_CXX_LIBRARY = "libc++";
				CLANG_ENABLE_MODULES = YES;
				CLANG_ENABLE_OBJC_ARC = YES;
				CLANG_WARN_BOOL_CONVERSION = YES;
				CLANG_WARN_CONSTANT_CONVERSION = YES;
				CLANG_WARN_DIRECT_OBJC_ISA_USAGE = YES_ERROR;
				CLANG_WARN_EMPTY_BODY = YES;
				CLANG_WARN_ENUM_CONVERSION = YES;
				CLANG_WARN_INT_CONVERSION = YES;
				CLANG_WARN_OBJC_ROOT_CLASS = YES_ERROR;
				CLANG_WARN_UNREACHABLE_CODE = YES;
				CLANG_WARN__DUPLICATE_METHOD_MATCH = YES;
				"CODE_SIGN_IDENTITY[sdk=iphoneos*]" = "iPhone Developer";
				COPY_PHASE_STRIP = NO;
				ENABLE_STRICT_OBJC_MSGSEND = YES;
				GCC_C_LANGUAGE_STANDARD = gnu99;
				GCC_DYNAMIC_NO_PIC = NO;
				GCC_OPTIMIZATION_LEVEL = 0;
				GCC_PREPROCESSOR_DEFINITIONS = (
					"DEBUG=1",
					"$(inherited)",
				);
				GCC_SYMBOLS_PRIVATE_EXTERN = NO;
				GCC_WARN_64_TO_32_BIT_CONVERSION = YES;
				GCC_WARN_ABOUT_RETURN_TYPE = YES_ERROR;
				GCC_WARN_UNDECLARED_SELECTOR = YES;
				GCC_WARN_UNINITIALIZED_AUTOS = YES_AGGRESSIVE;
				GCC_WARN_UNUSED_FUNCTION = YES;
				GCC_WARN_UNUSED_VARIABLE = YES;
				IPHONEOS_DEPLOYMENT_TARGET = 8.1;
				MTL_ENABLE_DEBUG_INFO = YES;
				ONLY_ACTIVE_ARCH = YES;
				SDKROOT = iphoneos;
			};
			name = Debug;
		};
		1977039A1A7D075C00E89CDE /* Release */ = {
			isa = XCBuildConfiguration;
			buildSettings = {
				ALWAYS_SEARCH_USER_PATHS = NO;
				CLANG_CXX_LANGUAGE_STANDARD = "gnu++0x";
				CLANG_CXX_LIBRARY = "libc++";
				CLANG_ENABLE_MODULES = YES;
				CLANG_ENABLE_OBJC_ARC = YES;
				CLANG_WARN_BOOL_CONVERSION = YES;
				CLANG_WARN_CONSTANT_CONVERSION = YES;
				CLANG_WARN_DIRECT_OBJC_ISA_USAGE = YES_ERROR;
				CLANG_WARN_EMPTY_BODY = YES;
				CLANG_WARN_ENUM_CONVERSION = YES;
				CLANG_WARN_INT_CONVERSION = YES;
				CLANG_WARN_OBJC_ROOT_CLASS = YES_ERROR;
				CLANG_WARN_UNREACHABLE_CODE = YES;
				CLANG_WARN__DUPLICATE_METHOD_MATCH = YES;
				"CODE_SIGN_IDENTITY[sdk=iphoneos*]" = "iPhone Developer";
				COPY_PHASE_STRIP = YES;
				ENABLE_NS_ASSERTIONS = NO;
				ENABLE_STRICT_OBJC_MSGSEND = YES;
				GCC_C_LANGUAGE_STANDARD = gnu99;
				GCC_WARN_64_TO_32_BIT_CONVERSION = YES;
				GCC_WARN_ABOUT_RETURN_TYPE = YES_ERROR;
				GCC_WARN_UNDECLARED_SELECTOR = YES;
				GCC_WARN_UNINITIALIZED_AUTOS = YES_AGGRESSIVE;
				GCC_WARN_UNUSED_FUNCTION = YES;
				GCC_WARN_UNUSED_VARIABLE = YES;
				IPHONEOS_DEPLOYMENT_TARGET = 8.1;
				MTL_ENABLE_DEBUG_INFO = NO;
				SDKROOT = iphoneos;
				VALIDATE_PRODUCT = YES;
			};
			name = Release;
		};
		1977039C1A7D075C00E89CDE /* Debug */ = {
			isa = XCBuildConfiguration;
			buildSettings = {
				ASSETCATALOG_COMPILER_APPICON_NAME = AppIcon;
				INFOPLIST_FILE = HeroWars/Info.plist;
				LD_RUNPATH_SEARCH_PATHS = "$(inherited) @executable_path/Frameworks";
				PRODUCT_NAME = "$(TARGET_NAME)";
			};
			name = Debug;
		};
		1977039D1A7D075C00E89CDE /* Release */ = {
			isa = XCBuildConfiguration;
			buildSettings = {
				ASSETCATALOG_COMPILER_APPICON_NAME = AppIcon;
				INFOPLIST_FILE = HeroWars/Info.plist;
				LD_RUNPATH_SEARCH_PATHS = "$(inherited) @executable_path/Frameworks";
				PRODUCT_NAME = "$(TARGET_NAME)";
			};
			name = Release;
		};
		1977039F1A7D075C00E89CDE /* Debug */ = {
			isa = XCBuildConfiguration;
			buildSettings = {
				BUNDLE_LOADER = "$(TEST_HOST)";
				FRAMEWORK_SEARCH_PATHS = (
					"$(SDKROOT)/Developer/Library/Frameworks",
					"$(inherited)",
				);
				GCC_PREPROCESSOR_DEFINITIONS = (
					"DEBUG=1",
					"$(inherited)",
				);
				INFOPLIST_FILE = HeroWarsTests/Info.plist;
				LD_RUNPATH_SEARCH_PATHS = "$(inherited) @executable_path/Frameworks @loader_path/Frameworks";
				PRODUCT_NAME = "$(TARGET_NAME)";
				TEST_HOST = "$(BUILT_PRODUCTS_DIR)/HeroWars.app/HeroWars";
			};
			name = Debug;
		};
		197703A01A7D075C00E89CDE /* Release */ = {
			isa = XCBuildConfiguration;
			buildSettings = {
				BUNDLE_LOADER = "$(TEST_HOST)";
				FRAMEWORK_SEARCH_PATHS = (
					"$(SDKROOT)/Developer/Library/Frameworks",
					"$(inherited)",
				);
				INFOPLIST_FILE = HeroWarsTests/Info.plist;
				LD_RUNPATH_SEARCH_PATHS = "$(inherited) @executable_path/Frameworks @loader_path/Frameworks";
				PRODUCT_NAME = "$(TARGET_NAME)";
				TEST_HOST = "$(BUILT_PRODUCTS_DIR)/HeroWars.app/HeroWars";
			};
			name = Release;
		};
/* End XCBuildConfiguration section */

/* Begin XCConfigurationList section */
		1977036E1A7D075B00E89CDE /* Build configuration list for PBXProject "HeroWars" */ = {
			isa = XCConfigurationList;
			buildConfigurations = (
				197703991A7D075C00E89CDE /* Debug */,
				1977039A1A7D075C00E89CDE /* Release */,
			);
			defaultConfigurationIsVisible = 0;
			defaultConfigurationName = Release;
		};
		1977039B1A7D075C00E89CDE /* Build configuration list for PBXNativeTarget "HeroWars" */ = {
			isa = XCConfigurationList;
			buildConfigurations = (
				1977039C1A7D075C00E89CDE /* Debug */,
				1977039D1A7D075C00E89CDE /* Release */,
			);
			defaultConfigurationIsVisible = 0;
			defaultConfigurationName = Release;
		};
		1977039E1A7D075C00E89CDE /* Build configuration list for PBXNativeTarget "HeroWarsTests" */ = {
			isa = XCConfigurationList;
			buildConfigurations = (
				1977039F1A7D075C00E89CDE /* Debug */,
				197703A01A7D075C00E89CDE /* Release */,
			);
			defaultConfigurationIsVisible = 0;
			defaultConfigurationName = Release;
		};
/* End XCConfigurationList section */
	};
	rootObject = 1977036B1A7D075B00E89CDE /* Project object */;
}
